
Microsoft Visual Studio Solution File, Format Version 12.00
# Visual Studio 14
VisualStudioVersion = 14.0.25420.1
MinimumVisualStudioVersion = 10.0.40219.1
Project("{FAE04EC0-301F-11D3-BF4B-00C04F79EFBC}") = "pw.lena.CrossCuttingConcerns", "pw.lena.CrossCuttingConcerns\pw.lena.CrossCuttingConcerns.csproj", "{67F9D3A8-F71E-4428-913F-C37AE82CDB24}"
EndProject
Project("{2150E333-8FDC-42A3-9474-1A3956D46DE8}") = "UI", "UI", "{4C019C0B-B9FD-4AF3-9414-0CB736450BF7}"
EndProject
Project("{2150E333-8FDC-42A3-9474-1A3956D46DE8}") = "Core", "Core", "{62BB4CE6-B163-458C-B723-668FE3BDBD01}"
EndProject
Project("{FAE04EC0-301F-11D3-BF4B-00C04F79EFBC}") = "pw.lena.Core.Business", "pw.lena.Core.Business\pw.lena.Core.Business\pw.lena.Core.Business.csproj", "{5700DF8A-ED1E-4802-A333-9FE3E0B05A78}"
EndProject
Project("{FAE04EC0-301F-11D3-BF4B-00C04F79EFBC}") = "pw.lena.Core.Data", "pw.lena.Core.Data\pw.lena.Core.Data\pw.lena.Core.Data.csproj", "{4C9F0AE6-9301-4818-B919-E17D98EDF40C}"
EndProject
Project("{FAE04EC0-301F-11D3-BF4B-00C04F79EFBC}") = "pw.lena.master.Droid", "pw.lena.master.Droid\pw.lena.master.Droid.csproj", "{0F2145BA-DED4-4C97-9EEB-EF22B23E7A14}"
EndProject
Project("{FAE04EC0-301F-11D3-BF4B-00C04F79EFBC}") = "pw.lena.master.iOS", "pw.lena.master.iOS\pw.lena.master.iOS.csproj", "{141C6545-DFCD-41AC-A49E-24517E6CC3D4}"
EndProject
Project("{2150E333-8FDC-42A3-9474-1A3956D46DE8}") = "Testing", "Testing", "{93BA2DAD-FDCB-4516-9034-52CB0C89B3B4}"
EndProject
Project("{FAE04EC0-301F-11D3-BF4B-00C04F79EFBC}") = "pw.lena.test", "pw.lena.test\pw.lena.test.csproj", "{8638D66F-5117-4327-BA4C-E6D2DF5D4948}"
EndProject
Project("{FAE04EC0-301F-11D3-BF4B-00C04F79EFBC}") = "pw.lena.master.UWP", "pw.lena.master.UWP\pw.lena.master.UWP.csproj", "{DB67D993-73FD-4F16-9D3B-D8C10360E4C8}"
EndProject
Project("{2150E333-8FDC-42A3-9474-1A3956D46DE8}") = "Platform Specific", "Platform Specific", "{F3CF3898-43E6-4700-8247-CFAE2317B5BA}"
EndProject
Project("{FAE04EC0-301F-11D3-BF4B-00C04F79EFBC}") = "Specific.Droid", "Specific.Droid\Specific.Droid.csproj", "{57DC2955-FA0A-4D07-AA1A-8EA0D4D8E5B8}"
EndProject
Project("{FAE04EC0-301F-11D3-BF4B-00C04F79EFBC}") = "Specific.iOS", "Specific.iOS\Specific.iOS.csproj", "{856B49FC-E4CB-4805-871C-2CF7DACA976B}"
EndProject
Project("{FAE04EC0-301F-11D3-BF4B-00C04F79EFBC}") = "PlatformAbstractions", "PlatformAbstractions\PlatformAbstractions.csproj", "{444541C2-3B66-4D6F-82B5-F9ACB48D5165}"
EndProject
Project("{FAE04EC0-301F-11D3-BF4B-00C04F79EFBC}") = "pw.lena.master.wpf", "pw.lena.master.wpf\pw.lena.master.wpf.csproj", "{4A1E674C-873E-4927-A7E0-D062DD5C39AC}"
EndProject
Project("{FAE04EC0-301F-11D3-BF4B-00C04F79EFBC}") = "pw.lena.master.winforms", "pw.lena.master.winforms\pw.lena.master.winforms.csproj", "{4E4657E8-4B1F-47A6-92D8-90813A23C972}"
EndProject
Project("{2150E333-8FDC-42A3-9474-1A3956D46DE8}") = "Slave", "Slave", "{7716A59D-B992-4545-95A8-8023E4B2E23A}"
EndProject
Project("{FAE04EC0-301F-11D3-BF4B-00C04F79EFBC}") = "Pw.Lena.Slave.Droid", "pw.lena.slave.Droid\Pw.Lena.Slave.Droid.csproj", "{0108F201-31DC-4F4F-9B64-A78B754FA1A9}"
EndProject
Project("{FAE04EC0-301F-11D3-BF4B-00C04F79EFBC}") = "slave.maket.WinForm", "slave.maket.test\slave.maket.WinForm.csproj", "{6AFA1A54-072E-49CF-AC52-5087C5E406D8}"
EndProject
Project("{FAE04EC0-301F-11D3-BF4B-00C04F79EFBC}") = "Pw.Lena.Slave.WinPC", "pw.lena.slave.winpc\Pw.Lena.Slave.WinPC.csproj", "{AAE4817F-FAEF-49AC-B5C4-D61754B4636D}"
EndProject
Project("{FAE04EC0-301F-11D3-BF4B-00C04F79EFBC}") = "lenapw.site", "lenapw.test\lenapw.site.csproj", "{563A3B6F-58B9-4FCC-AD82-822F86E24920}"
EndProject
Project("{FAE04EC0-301F-11D3-BF4B-00C04F79EFBC}") = "MLDBUtils", "MLDBUtils\MLDBUtils.csproj", "{ACF2AB09-6B0D-4A1F-BAC5-AF4E682A794A}"
EndProject
Project("{2150E333-8FDC-42A3-9474-1A3956D46DE8}") = "SQL.install", "SQL.install", "{2888FA2C-67B7-4E80-A27E-8D2ACE7CCE42}"
	ProjectSection(SolutionItems) = preProject
		SQL\CreateDB.sql = SQL\CreateDB.sql
		SQL\CreateSP.sql = SQL\CreateSP.sql
		SQL\CreateTable.sql = SQL\CreateTable.sql
		SQL\DropAllSP.sql = SQL\DropAllSP.sql
		SQL\FillTableData.sql = SQL\FillTableData.sql
	EndProjectSection
EndProject
Global
	GlobalSection(SolutionConfigurationPlatforms) = preSolution
		Ad-Hoc|Any CPU = Ad-Hoc|Any CPU
		Ad-Hoc|ARM = Ad-Hoc|ARM
		Ad-Hoc|iPhone = Ad-Hoc|iPhone
		Ad-Hoc|iPhoneSimulator = Ad-Hoc|iPhoneSimulator
		Ad-Hoc|x64 = Ad-Hoc|x64
		Ad-Hoc|x86 = Ad-Hoc|x86
		AppStore|Any CPU = AppStore|Any CPU
		AppStore|ARM = AppStore|ARM
		AppStore|iPhone = AppStore|iPhone
		AppStore|iPhoneSimulator = AppStore|iPhoneSimulator
		AppStore|x64 = AppStore|x64
		AppStore|x86 = AppStore|x86
		Debug|Any CPU = Debug|Any CPU
		Debug|ARM = Debug|ARM
		Debug|iPhone = Debug|iPhone
		Debug|iPhoneSimulator = Debug|iPhoneSimulator
		Debug|x64 = Debug|x64
		Debug|x86 = Debug|x86
		Release|Any CPU = Release|Any CPU
		Release|ARM = Release|ARM
		Release|iPhone = Release|iPhone
		Release|iPhoneSimulator = Release|iPhoneSimulator
		Release|x64 = Release|x64
		Release|x86 = Release|x86
	EndGlobalSection
	GlobalSection(ProjectConfigurationPlatforms) = postSolution
		{67F9D3A8-F71E-4428-913F-C37AE82CDB24}.Ad-Hoc|Any CPU.ActiveCfg = Release|Any CPU
		{67F9D3A8-F71E-4428-913F-C37AE82CDB24}.Ad-Hoc|Any CPU.Build.0 = Release|Any CPU
		{67F9D3A8-F71E-4428-913F-C37AE82CDB24}.Ad-Hoc|ARM.ActiveCfg = Release|Any CPU
		{67F9D3A8-F71E-4428-913F-C37AE82CDB24}.Ad-Hoc|ARM.Build.0 = Release|Any CPU
		{67F9D3A8-F71E-4428-913F-C37AE82CDB24}.Ad-Hoc|iPhone.ActiveCfg = Release|Any CPU
		{67F9D3A8-F71E-4428-913F-C37AE82CDB24}.Ad-Hoc|iPhone.Build.0 = Release|Any CPU
		{67F9D3A8-F71E-4428-913F-C37AE82CDB24}.Ad-Hoc|iPhoneSimulator.ActiveCfg = Release|Any CPU
		{67F9D3A8-F71E-4428-913F-C37AE82CDB24}.Ad-Hoc|iPhoneSimulator.Build.0 = Release|Any CPU
		{67F9D3A8-F71E-4428-913F-C37AE82CDB24}.Ad-Hoc|x64.ActiveCfg = Release|Any CPU
		{67F9D3A8-F71E-4428-913F-C37AE82CDB24}.Ad-Hoc|x64.Build.0 = Release|Any CPU
		{67F9D3A8-F71E-4428-913F-C37AE82CDB24}.Ad-Hoc|x86.ActiveCfg = Release|Any CPU
		{67F9D3A8-F71E-4428-913F-C37AE82CDB24}.Ad-Hoc|x86.Build.0 = Release|Any CPU
		{67F9D3A8-F71E-4428-913F-C37AE82CDB24}.AppStore|Any CPU.ActiveCfg = Release|Any CPU
		{67F9D3A8-F71E-4428-913F-C37AE82CDB24}.AppStore|Any CPU.Build.0 = Release|Any CPU
		{67F9D3A8-F71E-4428-913F-C37AE82CDB24}.AppStore|ARM.ActiveCfg = Release|Any CPU
		{67F9D3A8-F71E-4428-913F-C37AE82CDB24}.AppStore|ARM.Build.0 = Release|Any CPU
		{67F9D3A8-F71E-4428-913F-C37AE82CDB24}.AppStore|iPhone.ActiveCfg = Release|Any CPU
		{67F9D3A8-F71E-4428-913F-C37AE82CDB24}.AppStore|iPhone.Build.0 = Release|Any CPU
		{67F9D3A8-F71E-4428-913F-C37AE82CDB24}.AppStore|iPhoneSimulator.ActiveCfg = Release|Any CPU
		{67F9D3A8-F71E-4428-913F-C37AE82CDB24}.AppStore|iPhoneSimulator.Build.0 = Release|Any CPU
		{67F9D3A8-F71E-4428-913F-C37AE82CDB24}.AppStore|x64.ActiveCfg = Release|Any CPU
		{67F9D3A8-F71E-4428-913F-C37AE82CDB24}.AppStore|x64.Build.0 = Release|Any CPU
		{67F9D3A8-F71E-4428-913F-C37AE82CDB24}.AppStore|x86.ActiveCfg = Release|Any CPU
		{67F9D3A8-F71E-4428-913F-C37AE82CDB24}.AppStore|x86.Build.0 = Release|Any CPU
		{67F9D3A8-F71E-4428-913F-C37AE82CDB24}.Debug|Any CPU.ActiveCfg = Debug|Any CPU
		{67F9D3A8-F71E-4428-913F-C37AE82CDB24}.Debug|Any CPU.Build.0 = Debug|Any CPU
		{67F9D3A8-F71E-4428-913F-C37AE82CDB24}.Debug|ARM.ActiveCfg = Debug|Any CPU
		{67F9D3A8-F71E-4428-913F-C37AE82CDB24}.Debug|ARM.Build.0 = Debug|Any CPU
		{67F9D3A8-F71E-4428-913F-C37AE82CDB24}.Debug|iPhone.ActiveCfg = Debug|Any CPU
		{67F9D3A8-F71E-4428-913F-C37AE82CDB24}.Debug|iPhone.Build.0 = Debug|Any CPU
		{67F9D3A8-F71E-4428-913F-C37AE82CDB24}.Debug|iPhoneSimulator.ActiveCfg = Debug|Any CPU
		{67F9D3A8-F71E-4428-913F-C37AE82CDB24}.Debug|iPhoneSimulator.Build.0 = Debug|Any CPU
		{67F9D3A8-F71E-4428-913F-C37AE82CDB24}.Debug|x64.ActiveCfg = Debug|Any CPU
		{67F9D3A8-F71E-4428-913F-C37AE82CDB24}.Debug|x64.Build.0 = Debug|Any CPU
		{67F9D3A8-F71E-4428-913F-C37AE82CDB24}.Debug|x86.ActiveCfg = Debug|Any CPU
		{67F9D3A8-F71E-4428-913F-C37AE82CDB24}.Debug|x86.Build.0 = Debug|Any CPU
		{67F9D3A8-F71E-4428-913F-C37AE82CDB24}.Release|Any CPU.ActiveCfg = Release|Any CPU
		{67F9D3A8-F71E-4428-913F-C37AE82CDB24}.Release|Any CPU.Build.0 = Release|Any CPU
		{67F9D3A8-F71E-4428-913F-C37AE82CDB24}.Release|ARM.ActiveCfg = Release|Any CPU
		{67F9D3A8-F71E-4428-913F-C37AE82CDB24}.Release|ARM.Build.0 = Release|Any CPU
		{67F9D3A8-F71E-4428-913F-C37AE82CDB24}.Release|iPhone.ActiveCfg = Release|Any CPU
		{67F9D3A8-F71E-4428-913F-C37AE82CDB24}.Release|iPhone.Build.0 = Release|Any CPU
		{67F9D3A8-F71E-4428-913F-C37AE82CDB24}.Release|iPhoneSimulator.ActiveCfg = Release|Any CPU
		{67F9D3A8-F71E-4428-913F-C37AE82CDB24}.Release|iPhoneSimulator.Build.0 = Release|Any CPU
		{67F9D3A8-F71E-4428-913F-C37AE82CDB24}.Release|x64.ActiveCfg = Release|Any CPU
		{67F9D3A8-F71E-4428-913F-C37AE82CDB24}.Release|x64.Build.0 = Release|Any CPU
		{67F9D3A8-F71E-4428-913F-C37AE82CDB24}.Release|x86.ActiveCfg = Release|Any CPU
		{67F9D3A8-F71E-4428-913F-C37AE82CDB24}.Release|x86.Build.0 = Release|Any CPU
		{5700DF8A-ED1E-4802-A333-9FE3E0B05A78}.Ad-Hoc|Any CPU.ActiveCfg = Release|Any CPU
		{5700DF8A-ED1E-4802-A333-9FE3E0B05A78}.Ad-Hoc|Any CPU.Build.0 = Release|Any CPU
		{5700DF8A-ED1E-4802-A333-9FE3E0B05A78}.Ad-Hoc|ARM.ActiveCfg = Release|Any CPU
		{5700DF8A-ED1E-4802-A333-9FE3E0B05A78}.Ad-Hoc|ARM.Build.0 = Release|Any CPU
		{5700DF8A-ED1E-4802-A333-9FE3E0B05A78}.Ad-Hoc|iPhone.ActiveCfg = Release|Any CPU
		{5700DF8A-ED1E-4802-A333-9FE3E0B05A78}.Ad-Hoc|iPhone.Build.0 = Release|Any CPU
		{5700DF8A-ED1E-4802-A333-9FE3E0B05A78}.Ad-Hoc|iPhoneSimulator.ActiveCfg = Release|Any CPU
		{5700DF8A-ED1E-4802-A333-9FE3E0B05A78}.Ad-Hoc|iPhoneSimulator.Build.0 = Release|Any CPU
		{5700DF8A-ED1E-4802-A333-9FE3E0B05A78}.Ad-Hoc|x64.ActiveCfg = Release|Any CPU
		{5700DF8A-ED1E-4802-A333-9FE3E0B05A78}.Ad-Hoc|x64.Build.0 = Release|Any CPU
		{5700DF8A-ED1E-4802-A333-9FE3E0B05A78}.Ad-Hoc|x86.ActiveCfg = Release|Any CPU
		{5700DF8A-ED1E-4802-A333-9FE3E0B05A78}.Ad-Hoc|x86.Build.0 = Release|Any CPU
		{5700DF8A-ED1E-4802-A333-9FE3E0B05A78}.AppStore|Any CPU.ActiveCfg = Release|Any CPU
		{5700DF8A-ED1E-4802-A333-9FE3E0B05A78}.AppStore|Any CPU.Build.0 = Release|Any CPU
		{5700DF8A-ED1E-4802-A333-9FE3E0B05A78}.AppStore|ARM.ActiveCfg = Release|Any CPU
		{5700DF8A-ED1E-4802-A333-9FE3E0B05A78}.AppStore|ARM.Build.0 = Release|Any CPU
		{5700DF8A-ED1E-4802-A333-9FE3E0B05A78}.AppStore|iPhone.ActiveCfg = Release|Any CPU
		{5700DF8A-ED1E-4802-A333-9FE3E0B05A78}.AppStore|iPhone.Build.0 = Release|Any CPU
		{5700DF8A-ED1E-4802-A333-9FE3E0B05A78}.AppStore|iPhoneSimulator.ActiveCfg = Release|Any CPU
		{5700DF8A-ED1E-4802-A333-9FE3E0B05A78}.AppStore|iPhoneSimulator.Build.0 = Release|Any CPU
		{5700DF8A-ED1E-4802-A333-9FE3E0B05A78}.AppStore|x64.ActiveCfg = Release|Any CPU
		{5700DF8A-ED1E-4802-A333-9FE3E0B05A78}.AppStore|x64.Build.0 = Release|Any CPU
		{5700DF8A-ED1E-4802-A333-9FE3E0B05A78}.AppStore|x86.ActiveCfg = Release|Any CPU
		{5700DF8A-ED1E-4802-A333-9FE3E0B05A78}.AppStore|x86.Build.0 = Release|Any CPU
		{5700DF8A-ED1E-4802-A333-9FE3E0B05A78}.Debug|Any CPU.ActiveCfg = Debug|Any CPU
		{5700DF8A-ED1E-4802-A333-9FE3E0B05A78}.Debug|Any CPU.Build.0 = Debug|Any CPU
		{5700DF8A-ED1E-4802-A333-9FE3E0B05A78}.Debug|ARM.ActiveCfg = Debug|Any CPU
		{5700DF8A-ED1E-4802-A333-9FE3E0B05A78}.Debug|ARM.Build.0 = Debug|Any CPU
		{5700DF8A-ED1E-4802-A333-9FE3E0B05A78}.Debug|iPhone.ActiveCfg = Debug|Any CPU
		{5700DF8A-ED1E-4802-A333-9FE3E0B05A78}.Debug|iPhone.Build.0 = Debug|Any CPU
		{5700DF8A-ED1E-4802-A333-9FE3E0B05A78}.Debug|iPhoneSimulator.ActiveCfg = Debug|Any CPU
		{5700DF8A-ED1E-4802-A333-9FE3E0B05A78}.Debug|iPhoneSimulator.Build.0 = Debug|Any CPU
		{5700DF8A-ED1E-4802-A333-9FE3E0B05A78}.Debug|x64.ActiveCfg = Debug|Any CPU
		{5700DF8A-ED1E-4802-A333-9FE3E0B05A78}.Debug|x64.Build.0 = Debug|Any CPU
		{5700DF8A-ED1E-4802-A333-9FE3E0B05A78}.Debug|x86.ActiveCfg = Debug|Any CPU
		{5700DF8A-ED1E-4802-A333-9FE3E0B05A78}.Debug|x86.Build.0 = Debug|Any CPU
		{5700DF8A-ED1E-4802-A333-9FE3E0B05A78}.Release|Any CPU.ActiveCfg = Release|Any CPU
		{5700DF8A-ED1E-4802-A333-9FE3E0B05A78}.Release|Any CPU.Build.0 = Release|Any CPU
		{5700DF8A-ED1E-4802-A333-9FE3E0B05A78}.Release|ARM.ActiveCfg = Release|Any CPU
		{5700DF8A-ED1E-4802-A333-9FE3E0B05A78}.Release|ARM.Build.0 = Release|Any CPU
		{5700DF8A-ED1E-4802-A333-9FE3E0B05A78}.Release|iPhone.ActiveCfg = Release|Any CPU
		{5700DF8A-ED1E-4802-A333-9FE3E0B05A78}.Release|iPhone.Build.0 = Release|Any CPU
		{5700DF8A-ED1E-4802-A333-9FE3E0B05A78}.Release|iPhoneSimulator.ActiveCfg = Release|Any CPU
		{5700DF8A-ED1E-4802-A333-9FE3E0B05A78}.Release|iPhoneSimulator.Build.0 = Release|Any CPU
		{5700DF8A-ED1E-4802-A333-9FE3E0B05A78}.Release|x64.ActiveCfg = Release|Any CPU
		{5700DF8A-ED1E-4802-A333-9FE3E0B05A78}.Release|x64.Build.0 = Release|Any CPU
		{5700DF8A-ED1E-4802-A333-9FE3E0B05A78}.Release|x86.ActiveCfg = Release|Any CPU
		{5700DF8A-ED1E-4802-A333-9FE3E0B05A78}.Release|x86.Build.0 = Release|Any CPU
		{4C9F0AE6-9301-4818-B919-E17D98EDF40C}.Ad-Hoc|Any CPU.ActiveCfg = Release|Any CPU
		{4C9F0AE6-9301-4818-B919-E17D98EDF40C}.Ad-Hoc|Any CPU.Build.0 = Release|Any CPU
		{4C9F0AE6-9301-4818-B919-E17D98EDF40C}.Ad-Hoc|ARM.ActiveCfg = Release|Any CPU
		{4C9F0AE6-9301-4818-B919-E17D98EDF40C}.Ad-Hoc|ARM.Build.0 = Release|Any CPU
		{4C9F0AE6-9301-4818-B919-E17D98EDF40C}.Ad-Hoc|iPhone.ActiveCfg = Release|Any CPU
		{4C9F0AE6-9301-4818-B919-E17D98EDF40C}.Ad-Hoc|iPhone.Build.0 = Release|Any CPU
		{4C9F0AE6-9301-4818-B919-E17D98EDF40C}.Ad-Hoc|iPhoneSimulator.ActiveCfg = Release|Any CPU
		{4C9F0AE6-9301-4818-B919-E17D98EDF40C}.Ad-Hoc|iPhoneSimulator.Build.0 = Release|Any CPU
		{4C9F0AE6-9301-4818-B919-E17D98EDF40C}.Ad-Hoc|x64.ActiveCfg = Release|Any CPU
		{4C9F0AE6-9301-4818-B919-E17D98EDF40C}.Ad-Hoc|x64.Build.0 = Release|Any CPU
		{4C9F0AE6-9301-4818-B919-E17D98EDF40C}.Ad-Hoc|x86.ActiveCfg = Release|Any CPU
		{4C9F0AE6-9301-4818-B919-E17D98EDF40C}.Ad-Hoc|x86.Build.0 = Release|Any CPU
		{4C9F0AE6-9301-4818-B919-E17D98EDF40C}.AppStore|Any CPU.ActiveCfg = Release|Any CPU
		{4C9F0AE6-9301-4818-B919-E17D98EDF40C}.AppStore|Any CPU.Build.0 = Release|Any CPU
		{4C9F0AE6-9301-4818-B919-E17D98EDF40C}.AppStore|ARM.ActiveCfg = Release|Any CPU
		{4C9F0AE6-9301-4818-B919-E17D98EDF40C}.AppStore|ARM.Build.0 = Release|Any CPU
		{4C9F0AE6-9301-4818-B919-E17D98EDF40C}.AppStore|iPhone.ActiveCfg = Release|Any CPU
		{4C9F0AE6-9301-4818-B919-E17D98EDF40C}.AppStore|iPhone.Build.0 = Release|Any CPU
		{4C9F0AE6-9301-4818-B919-E17D98EDF40C}.AppStore|iPhoneSimulator.ActiveCfg = Release|Any CPU
		{4C9F0AE6-9301-4818-B919-E17D98EDF40C}.AppStore|iPhoneSimulator.Build.0 = Release|Any CPU
		{4C9F0AE6-9301-4818-B919-E17D98EDF40C}.AppStore|x64.ActiveCfg = Release|Any CPU
		{4C9F0AE6-9301-4818-B919-E17D98EDF40C}.AppStore|x64.Build.0 = Release|Any CPU
		{4C9F0AE6-9301-4818-B919-E17D98EDF40C}.AppStore|x86.ActiveCfg = Release|Any CPU
		{4C9F0AE6-9301-4818-B919-E17D98EDF40C}.AppStore|x86.Build.0 = Release|Any CPU
		{4C9F0AE6-9301-4818-B919-E17D98EDF40C}.Debug|Any CPU.ActiveCfg = Debug|Any CPU
		{4C9F0AE6-9301-4818-B919-E17D98EDF40C}.Debug|Any CPU.Build.0 = Debug|Any CPU
		{4C9F0AE6-9301-4818-B919-E17D98EDF40C}.Debug|ARM.ActiveCfg = Debug|Any CPU
		{4C9F0AE6-9301-4818-B919-E17D98EDF40C}.Debug|ARM.Build.0 = Debug|Any CPU
		{4C9F0AE6-9301-4818-B919-E17D98EDF40C}.Debug|iPhone.ActiveCfg = Debug|Any CPU
		{4C9F0AE6-9301-4818-B919-E17D98EDF40C}.Debug|iPhone.Build.0 = Debug|Any CPU
		{4C9F0AE6-9301-4818-B919-E17D98EDF40C}.Debug|iPhoneSimulator.ActiveCfg = Debug|Any CPU
		{4C9F0AE6-9301-4818-B919-E17D98EDF40C}.Debug|iPhoneSimulator.Build.0 = Debug|Any CPU
		{4C9F0AE6-9301-4818-B919-E17D98EDF40C}.Debug|x64.ActiveCfg = Debug|Any CPU
		{4C9F0AE6-9301-4818-B919-E17D98EDF40C}.Debug|x64.Build.0 = Debug|Any CPU
		{4C9F0AE6-9301-4818-B919-E17D98EDF40C}.Debug|x86.ActiveCfg = Debug|Any CPU
		{4C9F0AE6-9301-4818-B919-E17D98EDF40C}.Debug|x86.Build.0 = Debug|Any CPU
		{4C9F0AE6-9301-4818-B919-E17D98EDF40C}.Release|Any CPU.ActiveCfg = Release|Any CPU
		{4C9F0AE6-9301-4818-B919-E17D98EDF40C}.Release|Any CPU.Build.0 = Release|Any CPU
		{4C9F0AE6-9301-4818-B919-E17D98EDF40C}.Release|ARM.ActiveCfg = Release|Any CPU
		{4C9F0AE6-9301-4818-B919-E17D98EDF40C}.Release|ARM.Build.0 = Release|Any CPU
		{4C9F0AE6-9301-4818-B919-E17D98EDF40C}.Release|iPhone.ActiveCfg = Release|Any CPU
		{4C9F0AE6-9301-4818-B919-E17D98EDF40C}.Release|iPhone.Build.0 = Release|Any CPU
		{4C9F0AE6-9301-4818-B919-E17D98EDF40C}.Release|iPhoneSimulator.ActiveCfg = Release|Any CPU
		{4C9F0AE6-9301-4818-B919-E17D98EDF40C}.Release|iPhoneSimulator.Build.0 = Release|Any CPU
		{4C9F0AE6-9301-4818-B919-E17D98EDF40C}.Release|x64.ActiveCfg = Release|Any CPU
		{4C9F0AE6-9301-4818-B919-E17D98EDF40C}.Release|x64.Build.0 = Release|Any CPU
		{4C9F0AE6-9301-4818-B919-E17D98EDF40C}.Release|x86.ActiveCfg = Release|Any CPU
		{4C9F0AE6-9301-4818-B919-E17D98EDF40C}.Release|x86.Build.0 = Release|Any CPU
		{0F2145BA-DED4-4C97-9EEB-EF22B23E7A14}.Ad-Hoc|Any CPU.ActiveCfg = Release|Any CPU
		{0F2145BA-DED4-4C97-9EEB-EF22B23E7A14}.Ad-Hoc|Any CPU.Build.0 = Release|Any CPU
		{0F2145BA-DED4-4C97-9EEB-EF22B23E7A14}.Ad-Hoc|Any CPU.Deploy.0 = Release|Any CPU
		{0F2145BA-DED4-4C97-9EEB-EF22B23E7A14}.Ad-Hoc|ARM.ActiveCfg = Release|Any CPU
		{0F2145BA-DED4-4C97-9EEB-EF22B23E7A14}.Ad-Hoc|ARM.Build.0 = Release|Any CPU
		{0F2145BA-DED4-4C97-9EEB-EF22B23E7A14}.Ad-Hoc|ARM.Deploy.0 = Release|Any CPU
		{0F2145BA-DED4-4C97-9EEB-EF22B23E7A14}.Ad-Hoc|iPhone.ActiveCfg = Release|Any CPU
		{0F2145BA-DED4-4C97-9EEB-EF22B23E7A14}.Ad-Hoc|iPhone.Build.0 = Release|Any CPU
		{0F2145BA-DED4-4C97-9EEB-EF22B23E7A14}.Ad-Hoc|iPhone.Deploy.0 = Release|Any CPU
		{0F2145BA-DED4-4C97-9EEB-EF22B23E7A14}.Ad-Hoc|iPhoneSimulator.ActiveCfg = Release|Any CPU
		{0F2145BA-DED4-4C97-9EEB-EF22B23E7A14}.Ad-Hoc|iPhoneSimulator.Build.0 = Release|Any CPU
		{0F2145BA-DED4-4C97-9EEB-EF22B23E7A14}.Ad-Hoc|iPhoneSimulator.Deploy.0 = Release|Any CPU
		{0F2145BA-DED4-4C97-9EEB-EF22B23E7A14}.Ad-Hoc|x64.ActiveCfg = Release|Any CPU
		{0F2145BA-DED4-4C97-9EEB-EF22B23E7A14}.Ad-Hoc|x64.Build.0 = Release|Any CPU
		{0F2145BA-DED4-4C97-9EEB-EF22B23E7A14}.Ad-Hoc|x64.Deploy.0 = Release|Any CPU
		{0F2145BA-DED4-4C97-9EEB-EF22B23E7A14}.Ad-Hoc|x86.ActiveCfg = Release|Any CPU
		{0F2145BA-DED4-4C97-9EEB-EF22B23E7A14}.Ad-Hoc|x86.Build.0 = Release|Any CPU
		{0F2145BA-DED4-4C97-9EEB-EF22B23E7A14}.Ad-Hoc|x86.Deploy.0 = Release|Any CPU
		{0F2145BA-DED4-4C97-9EEB-EF22B23E7A14}.AppStore|Any CPU.ActiveCfg = Release|Any CPU
		{0F2145BA-DED4-4C97-9EEB-EF22B23E7A14}.AppStore|Any CPU.Build.0 = Release|Any CPU
		{0F2145BA-DED4-4C97-9EEB-EF22B23E7A14}.AppStore|Any CPU.Deploy.0 = Release|Any CPU
		{0F2145BA-DED4-4C97-9EEB-EF22B23E7A14}.AppStore|ARM.ActiveCfg = Release|Any CPU
		{0F2145BA-DED4-4C97-9EEB-EF22B23E7A14}.AppStore|ARM.Build.0 = Release|Any CPU
		{0F2145BA-DED4-4C97-9EEB-EF22B23E7A14}.AppStore|ARM.Deploy.0 = Release|Any CPU
		{0F2145BA-DED4-4C97-9EEB-EF22B23E7A14}.AppStore|iPhone.ActiveCfg = Release|Any CPU
		{0F2145BA-DED4-4C97-9EEB-EF22B23E7A14}.AppStore|iPhone.Build.0 = Release|Any CPU
		{0F2145BA-DED4-4C97-9EEB-EF22B23E7A14}.AppStore|iPhone.Deploy.0 = Release|Any CPU
		{0F2145BA-DED4-4C97-9EEB-EF22B23E7A14}.AppStore|iPhoneSimulator.ActiveCfg = Release|Any CPU
		{0F2145BA-DED4-4C97-9EEB-EF22B23E7A14}.AppStore|iPhoneSimulator.Build.0 = Release|Any CPU
		{0F2145BA-DED4-4C97-9EEB-EF22B23E7A14}.AppStore|iPhoneSimulator.Deploy.0 = Release|Any CPU
		{0F2145BA-DED4-4C97-9EEB-EF22B23E7A14}.AppStore|x64.ActiveCfg = Release|Any CPU
		{0F2145BA-DED4-4C97-9EEB-EF22B23E7A14}.AppStore|x64.Build.0 = Release|Any CPU
		{0F2145BA-DED4-4C97-9EEB-EF22B23E7A14}.AppStore|x64.Deploy.0 = Release|Any CPU
		{0F2145BA-DED4-4C97-9EEB-EF22B23E7A14}.AppStore|x86.ActiveCfg = Release|Any CPU
		{0F2145BA-DED4-4C97-9EEB-EF22B23E7A14}.AppStore|x86.Build.0 = Release|Any CPU
		{0F2145BA-DED4-4C97-9EEB-EF22B23E7A14}.AppStore|x86.Deploy.0 = Release|Any CPU
		{0F2145BA-DED4-4C97-9EEB-EF22B23E7A14}.Debug|Any CPU.ActiveCfg = Debug|Any CPU
		{0F2145BA-DED4-4C97-9EEB-EF22B23E7A14}.Debug|Any CPU.Build.0 = Debug|Any CPU
		{0F2145BA-DED4-4C97-9EEB-EF22B23E7A14}.Debug|Any CPU.Deploy.0 = Debug|Any CPU
		{0F2145BA-DED4-4C97-9EEB-EF22B23E7A14}.Debug|ARM.ActiveCfg = Debug|Any CPU
		{0F2145BA-DED4-4C97-9EEB-EF22B23E7A14}.Debug|ARM.Build.0 = Debug|Any CPU
		{0F2145BA-DED4-4C97-9EEB-EF22B23E7A14}.Debug|ARM.Deploy.0 = Debug|Any CPU
		{0F2145BA-DED4-4C97-9EEB-EF22B23E7A14}.Debug|iPhone.ActiveCfg = Debug|Any CPU
		{0F2145BA-DED4-4C97-9EEB-EF22B23E7A14}.Debug|iPhone.Build.0 = Debug|Any CPU
		{0F2145BA-DED4-4C97-9EEB-EF22B23E7A14}.Debug|iPhone.Deploy.0 = Debug|Any CPU
		{0F2145BA-DED4-4C97-9EEB-EF22B23E7A14}.Debug|iPhoneSimulator.ActiveCfg = Debug|Any CPU
		{0F2145BA-DED4-4C97-9EEB-EF22B23E7A14}.Debug|iPhoneSimulator.Build.0 = Debug|Any CPU
		{0F2145BA-DED4-4C97-9EEB-EF22B23E7A14}.Debug|iPhoneSimulator.Deploy.0 = Debug|Any CPU
		{0F2145BA-DED4-4C97-9EEB-EF22B23E7A14}.Debug|x64.ActiveCfg = Debug|Any CPU
		{0F2145BA-DED4-4C97-9EEB-EF22B23E7A14}.Debug|x64.Build.0 = Debug|Any CPU
		{0F2145BA-DED4-4C97-9EEB-EF22B23E7A14}.Debug|x64.Deploy.0 = Debug|Any CPU
		{0F2145BA-DED4-4C97-9EEB-EF22B23E7A14}.Debug|x86.ActiveCfg = Debug|Any CPU
		{0F2145BA-DED4-4C97-9EEB-EF22B23E7A14}.Debug|x86.Build.0 = Debug|Any CPU
		{0F2145BA-DED4-4C97-9EEB-EF22B23E7A14}.Debug|x86.Deploy.0 = Debug|Any CPU
		{0F2145BA-DED4-4C97-9EEB-EF22B23E7A14}.Release|Any CPU.ActiveCfg = Release|Any CPU
		{0F2145BA-DED4-4C97-9EEB-EF22B23E7A14}.Release|Any CPU.Build.0 = Release|Any CPU
		{0F2145BA-DED4-4C97-9EEB-EF22B23E7A14}.Release|Any CPU.Deploy.0 = Release|Any CPU
		{0F2145BA-DED4-4C97-9EEB-EF22B23E7A14}.Release|ARM.ActiveCfg = Release|Any CPU
		{0F2145BA-DED4-4C97-9EEB-EF22B23E7A14}.Release|ARM.Build.0 = Release|Any CPU
		{0F2145BA-DED4-4C97-9EEB-EF22B23E7A14}.Release|ARM.Deploy.0 = Release|Any CPU
		{0F2145BA-DED4-4C97-9EEB-EF22B23E7A14}.Release|iPhone.ActiveCfg = Release|Any CPU
		{0F2145BA-DED4-4C97-9EEB-EF22B23E7A14}.Release|iPhone.Build.0 = Release|Any CPU
		{0F2145BA-DED4-4C97-9EEB-EF22B23E7A14}.Release|iPhone.Deploy.0 = Release|Any CPU
		{0F2145BA-DED4-4C97-9EEB-EF22B23E7A14}.Release|iPhoneSimulator.ActiveCfg = Release|Any CPU
		{0F2145BA-DED4-4C97-9EEB-EF22B23E7A14}.Release|iPhoneSimulator.Build.0 = Release|Any CPU
		{0F2145BA-DED4-4C97-9EEB-EF22B23E7A14}.Release|iPhoneSimulator.Deploy.0 = Release|Any CPU
		{0F2145BA-DED4-4C97-9EEB-EF22B23E7A14}.Release|x64.ActiveCfg = Release|Any CPU
		{0F2145BA-DED4-4C97-9EEB-EF22B23E7A14}.Release|x64.Build.0 = Release|Any CPU
		{0F2145BA-DED4-4C97-9EEB-EF22B23E7A14}.Release|x64.Deploy.0 = Release|Any CPU
		{0F2145BA-DED4-4C97-9EEB-EF22B23E7A14}.Release|x86.ActiveCfg = Release|Any CPU
		{0F2145BA-DED4-4C97-9EEB-EF22B23E7A14}.Release|x86.Build.0 = Release|Any CPU
		{0F2145BA-DED4-4C97-9EEB-EF22B23E7A14}.Release|x86.Deploy.0 = Release|Any CPU
		{141C6545-DFCD-41AC-A49E-24517E6CC3D4}.Ad-Hoc|Any CPU.ActiveCfg = Ad-Hoc|iPhone
		{141C6545-DFCD-41AC-A49E-24517E6CC3D4}.Ad-Hoc|ARM.ActiveCfg = Ad-Hoc|iPhone
		{141C6545-DFCD-41AC-A49E-24517E6CC3D4}.Ad-Hoc|iPhone.ActiveCfg = Ad-Hoc|iPhone
		{141C6545-DFCD-41AC-A49E-24517E6CC3D4}.Ad-Hoc|iPhone.Build.0 = Ad-Hoc|iPhone
		{141C6545-DFCD-41AC-A49E-24517E6CC3D4}.Ad-Hoc|iPhoneSimulator.ActiveCfg = Ad-Hoc|iPhoneSimulator
		{141C6545-DFCD-41AC-A49E-24517E6CC3D4}.Ad-Hoc|iPhoneSimulator.Build.0 = Ad-Hoc|iPhoneSimulator
		{141C6545-DFCD-41AC-A49E-24517E6CC3D4}.Ad-Hoc|x64.ActiveCfg = Ad-Hoc|iPhone
		{141C6545-DFCD-41AC-A49E-24517E6CC3D4}.Ad-Hoc|x86.ActiveCfg = Ad-Hoc|iPhone
		{141C6545-DFCD-41AC-A49E-24517E6CC3D4}.AppStore|Any CPU.ActiveCfg = AppStore|iPhone
		{141C6545-DFCD-41AC-A49E-24517E6CC3D4}.AppStore|ARM.ActiveCfg = AppStore|iPhone
		{141C6545-DFCD-41AC-A49E-24517E6CC3D4}.AppStore|iPhone.ActiveCfg = AppStore|iPhone
		{141C6545-DFCD-41AC-A49E-24517E6CC3D4}.AppStore|iPhone.Build.0 = AppStore|iPhone
		{141C6545-DFCD-41AC-A49E-24517E6CC3D4}.AppStore|iPhoneSimulator.ActiveCfg = AppStore|iPhoneSimulator
		{141C6545-DFCD-41AC-A49E-24517E6CC3D4}.AppStore|iPhoneSimulator.Build.0 = AppStore|iPhoneSimulator
		{141C6545-DFCD-41AC-A49E-24517E6CC3D4}.AppStore|x64.ActiveCfg = AppStore|iPhone
		{141C6545-DFCD-41AC-A49E-24517E6CC3D4}.AppStore|x86.ActiveCfg = AppStore|iPhone
		{141C6545-DFCD-41AC-A49E-24517E6CC3D4}.Debug|Any CPU.ActiveCfg = Debug|iPhone
		{141C6545-DFCD-41AC-A49E-24517E6CC3D4}.Debug|ARM.ActiveCfg = Debug|iPhone
		{141C6545-DFCD-41AC-A49E-24517E6CC3D4}.Debug|iPhone.ActiveCfg = Debug|iPhone
		{141C6545-DFCD-41AC-A49E-24517E6CC3D4}.Debug|iPhone.Build.0 = Debug|iPhone
		{141C6545-DFCD-41AC-A49E-24517E6CC3D4}.Debug|iPhoneSimulator.ActiveCfg = Debug|iPhoneSimulator
		{141C6545-DFCD-41AC-A49E-24517E6CC3D4}.Debug|iPhoneSimulator.Build.0 = Debug|iPhoneSimulator
		{141C6545-DFCD-41AC-A49E-24517E6CC3D4}.Debug|x64.ActiveCfg = Debug|iPhone
		{141C6545-DFCD-41AC-A49E-24517E6CC3D4}.Debug|x86.ActiveCfg = Debug|iPhone
		{141C6545-DFCD-41AC-A49E-24517E6CC3D4}.Release|Any CPU.ActiveCfg = Release|iPhone
		{141C6545-DFCD-41AC-A49E-24517E6CC3D4}.Release|ARM.ActiveCfg = Release|iPhone
		{141C6545-DFCD-41AC-A49E-24517E6CC3D4}.Release|iPhone.ActiveCfg = Release|iPhone
		{141C6545-DFCD-41AC-A49E-24517E6CC3D4}.Release|iPhone.Build.0 = Release|iPhone
		{141C6545-DFCD-41AC-A49E-24517E6CC3D4}.Release|iPhoneSimulator.ActiveCfg = Release|iPhoneSimulator
		{141C6545-DFCD-41AC-A49E-24517E6CC3D4}.Release|iPhoneSimulator.Build.0 = Release|iPhoneSimulator
		{141C6545-DFCD-41AC-A49E-24517E6CC3D4}.Release|x64.ActiveCfg = Release|iPhone
		{141C6545-DFCD-41AC-A49E-24517E6CC3D4}.Release|x86.ActiveCfg = Release|iPhone
		{8638D66F-5117-4327-BA4C-E6D2DF5D4948}.Ad-Hoc|Any CPU.ActiveCfg = Release|Any CPU
		{8638D66F-5117-4327-BA4C-E6D2DF5D4948}.Ad-Hoc|Any CPU.Build.0 = Release|Any CPU
		{8638D66F-5117-4327-BA4C-E6D2DF5D4948}.Ad-Hoc|ARM.ActiveCfg = Release|Any CPU
		{8638D66F-5117-4327-BA4C-E6D2DF5D4948}.Ad-Hoc|ARM.Build.0 = Release|Any CPU
		{8638D66F-5117-4327-BA4C-E6D2DF5D4948}.Ad-Hoc|iPhone.ActiveCfg = Release|Any CPU
		{8638D66F-5117-4327-BA4C-E6D2DF5D4948}.Ad-Hoc|iPhone.Build.0 = Release|Any CPU
		{8638D66F-5117-4327-BA4C-E6D2DF5D4948}.Ad-Hoc|iPhoneSimulator.ActiveCfg = Release|Any CPU
		{8638D66F-5117-4327-BA4C-E6D2DF5D4948}.Ad-Hoc|iPhoneSimulator.Build.0 = Release|Any CPU
		{8638D66F-5117-4327-BA4C-E6D2DF5D4948}.Ad-Hoc|x64.ActiveCfg = Release|Any CPU
		{8638D66F-5117-4327-BA4C-E6D2DF5D4948}.Ad-Hoc|x64.Build.0 = Release|Any CPU
		{8638D66F-5117-4327-BA4C-E6D2DF5D4948}.Ad-Hoc|x86.ActiveCfg = Release|Any CPU
		{8638D66F-5117-4327-BA4C-E6D2DF5D4948}.Ad-Hoc|x86.Build.0 = Release|Any CPU
		{8638D66F-5117-4327-BA4C-E6D2DF5D4948}.AppStore|Any CPU.ActiveCfg = Release|Any CPU
		{8638D66F-5117-4327-BA4C-E6D2DF5D4948}.AppStore|Any CPU.Build.0 = Release|Any CPU
		{8638D66F-5117-4327-BA4C-E6D2DF5D4948}.AppStore|ARM.ActiveCfg = Release|Any CPU
		{8638D66F-5117-4327-BA4C-E6D2DF5D4948}.AppStore|ARM.Build.0 = Release|Any CPU
		{8638D66F-5117-4327-BA4C-E6D2DF5D4948}.AppStore|iPhone.ActiveCfg = Release|Any CPU
		{8638D66F-5117-4327-BA4C-E6D2DF5D4948}.AppStore|iPhone.Build.0 = Release|Any CPU
		{8638D66F-5117-4327-BA4C-E6D2DF5D4948}.AppStore|iPhoneSimulator.ActiveCfg = Release|Any CPU
		{8638D66F-5117-4327-BA4C-E6D2DF5D4948}.AppStore|iPhoneSimulator.Build.0 = Release|Any CPU
		{8638D66F-5117-4327-BA4C-E6D2DF5D4948}.AppStore|x64.ActiveCfg = Release|Any CPU
		{8638D66F-5117-4327-BA4C-E6D2DF5D4948}.AppStore|x64.Build.0 = Release|Any CPU
		{8638D66F-5117-4327-BA4C-E6D2DF5D4948}.AppStore|x86.ActiveCfg = Release|Any CPU
		{8638D66F-5117-4327-BA4C-E6D2DF5D4948}.AppStore|x86.Build.0 = Release|Any CPU
		{8638D66F-5117-4327-BA4C-E6D2DF5D4948}.Debug|Any CPU.ActiveCfg = Debug|Any CPU
		{8638D66F-5117-4327-BA4C-E6D2DF5D4948}.Debug|Any CPU.Build.0 = Debug|Any CPU
		{8638D66F-5117-4327-BA4C-E6D2DF5D4948}.Debug|ARM.ActiveCfg = Debug|Any CPU
		{8638D66F-5117-4327-BA4C-E6D2DF5D4948}.Debug|ARM.Build.0 = Debug|Any CPU
		{8638D66F-5117-4327-BA4C-E6D2DF5D4948}.Debug|iPhone.ActiveCfg = Debug|Any CPU
		{8638D66F-5117-4327-BA4C-E6D2DF5D4948}.Debug|iPhone.Build.0 = Debug|Any CPU
		{8638D66F-5117-4327-BA4C-E6D2DF5D4948}.Debug|iPhoneSimulator.ActiveCfg = Debug|Any CPU
		{8638D66F-5117-4327-BA4C-E6D2DF5D4948}.Debug|iPhoneSimulator.Build.0 = Debug|Any CPU
		{8638D66F-5117-4327-BA4C-E6D2DF5D4948}.Debug|x64.ActiveCfg = Debug|Any CPU
		{8638D66F-5117-4327-BA4C-E6D2DF5D4948}.Debug|x64.Build.0 = Debug|Any CPU
		{8638D66F-5117-4327-BA4C-E6D2DF5D4948}.Debug|x86.ActiveCfg = Debug|Any CPU
		{8638D66F-5117-4327-BA4C-E6D2DF5D4948}.Debug|x86.Build.0 = Debug|Any CPU
		{8638D66F-5117-4327-BA4C-E6D2DF5D4948}.Release|Any CPU.ActiveCfg = Release|Any CPU
		{8638D66F-5117-4327-BA4C-E6D2DF5D4948}.Release|Any CPU.Build.0 = Release|Any CPU
		{8638D66F-5117-4327-BA4C-E6D2DF5D4948}.Release|ARM.ActiveCfg = Release|Any CPU
		{8638D66F-5117-4327-BA4C-E6D2DF5D4948}.Release|ARM.Build.0 = Release|Any CPU
		{8638D66F-5117-4327-BA4C-E6D2DF5D4948}.Release|iPhone.ActiveCfg = Release|Any CPU
		{8638D66F-5117-4327-BA4C-E6D2DF5D4948}.Release|iPhone.Build.0 = Release|Any CPU
		{8638D66F-5117-4327-BA4C-E6D2DF5D4948}.Release|iPhoneSimulator.ActiveCfg = Release|Any CPU
		{8638D66F-5117-4327-BA4C-E6D2DF5D4948}.Release|iPhoneSimulator.Build.0 = Release|Any CPU
		{8638D66F-5117-4327-BA4C-E6D2DF5D4948}.Release|x64.ActiveCfg = Release|Any CPU
		{8638D66F-5117-4327-BA4C-E6D2DF5D4948}.Release|x64.Build.0 = Release|Any CPU
		{8638D66F-5117-4327-BA4C-E6D2DF5D4948}.Release|x86.ActiveCfg = Release|Any CPU
		{8638D66F-5117-4327-BA4C-E6D2DF5D4948}.Release|x86.Build.0 = Release|Any CPU
		{DB67D993-73FD-4F16-9D3B-D8C10360E4C8}.Ad-Hoc|Any CPU.ActiveCfg = Release|x64
		{DB67D993-73FD-4F16-9D3B-D8C10360E4C8}.Ad-Hoc|Any CPU.Build.0 = Release|x64
		{DB67D993-73FD-4F16-9D3B-D8C10360E4C8}.Ad-Hoc|Any CPU.Deploy.0 = Release|x64
		{DB67D993-73FD-4F16-9D3B-D8C10360E4C8}.Ad-Hoc|ARM.ActiveCfg = Release|ARM
		{DB67D993-73FD-4F16-9D3B-D8C10360E4C8}.Ad-Hoc|ARM.Build.0 = Release|ARM
		{DB67D993-73FD-4F16-9D3B-D8C10360E4C8}.Ad-Hoc|ARM.Deploy.0 = Release|ARM
		{DB67D993-73FD-4F16-9D3B-D8C10360E4C8}.Ad-Hoc|iPhone.ActiveCfg = Release|x64
		{DB67D993-73FD-4F16-9D3B-D8C10360E4C8}.Ad-Hoc|iPhone.Build.0 = Release|x64
		{DB67D993-73FD-4F16-9D3B-D8C10360E4C8}.Ad-Hoc|iPhone.Deploy.0 = Release|x64
		{DB67D993-73FD-4F16-9D3B-D8C10360E4C8}.Ad-Hoc|iPhoneSimulator.ActiveCfg = Release|x64
		{DB67D993-73FD-4F16-9D3B-D8C10360E4C8}.Ad-Hoc|iPhoneSimulator.Build.0 = Release|x64
		{DB67D993-73FD-4F16-9D3B-D8C10360E4C8}.Ad-Hoc|iPhoneSimulator.Deploy.0 = Release|x64
		{DB67D993-73FD-4F16-9D3B-D8C10360E4C8}.Ad-Hoc|x64.ActiveCfg = Release|x64
		{DB67D993-73FD-4F16-9D3B-D8C10360E4C8}.Ad-Hoc|x64.Build.0 = Release|x64
		{DB67D993-73FD-4F16-9D3B-D8C10360E4C8}.Ad-Hoc|x64.Deploy.0 = Release|x64
		{DB67D993-73FD-4F16-9D3B-D8C10360E4C8}.Ad-Hoc|x86.ActiveCfg = Release|x86
		{DB67D993-73FD-4F16-9D3B-D8C10360E4C8}.Ad-Hoc|x86.Build.0 = Release|x86
		{DB67D993-73FD-4F16-9D3B-D8C10360E4C8}.Ad-Hoc|x86.Deploy.0 = Release|x86
		{DB67D993-73FD-4F16-9D3B-D8C10360E4C8}.AppStore|Any CPU.ActiveCfg = Release|x64
		{DB67D993-73FD-4F16-9D3B-D8C10360E4C8}.AppStore|Any CPU.Build.0 = Release|x64
		{DB67D993-73FD-4F16-9D3B-D8C10360E4C8}.AppStore|Any CPU.Deploy.0 = Release|x64
		{DB67D993-73FD-4F16-9D3B-D8C10360E4C8}.AppStore|ARM.ActiveCfg = Release|ARM
		{DB67D993-73FD-4F16-9D3B-D8C10360E4C8}.AppStore|ARM.Build.0 = Release|ARM
		{DB67D993-73FD-4F16-9D3B-D8C10360E4C8}.AppStore|ARM.Deploy.0 = Release|ARM
		{DB67D993-73FD-4F16-9D3B-D8C10360E4C8}.AppStore|iPhone.ActiveCfg = Release|x64
		{DB67D993-73FD-4F16-9D3B-D8C10360E4C8}.AppStore|iPhone.Build.0 = Release|x64
		{DB67D993-73FD-4F16-9D3B-D8C10360E4C8}.AppStore|iPhone.Deploy.0 = Release|x64
		{DB67D993-73FD-4F16-9D3B-D8C10360E4C8}.AppStore|iPhoneSimulator.ActiveCfg = Release|x64
		{DB67D993-73FD-4F16-9D3B-D8C10360E4C8}.AppStore|iPhoneSimulator.Build.0 = Release|x64
		{DB67D993-73FD-4F16-9D3B-D8C10360E4C8}.AppStore|iPhoneSimulator.Deploy.0 = Release|x64
		{DB67D993-73FD-4F16-9D3B-D8C10360E4C8}.AppStore|x64.ActiveCfg = Release|x64
		{DB67D993-73FD-4F16-9D3B-D8C10360E4C8}.AppStore|x64.Build.0 = Release|x64
		{DB67D993-73FD-4F16-9D3B-D8C10360E4C8}.AppStore|x64.Deploy.0 = Release|x64
		{DB67D993-73FD-4F16-9D3B-D8C10360E4C8}.AppStore|x86.ActiveCfg = Release|x86
		{DB67D993-73FD-4F16-9D3B-D8C10360E4C8}.AppStore|x86.Build.0 = Release|x86
		{DB67D993-73FD-4F16-9D3B-D8C10360E4C8}.AppStore|x86.Deploy.0 = Release|x86
		{DB67D993-73FD-4F16-9D3B-D8C10360E4C8}.Debug|Any CPU.ActiveCfg = Debug|x86
		{DB67D993-73FD-4F16-9D3B-D8C10360E4C8}.Debug|ARM.ActiveCfg = Debug|ARM
		{DB67D993-73FD-4F16-9D3B-D8C10360E4C8}.Debug|ARM.Build.0 = Debug|ARM
		{DB67D993-73FD-4F16-9D3B-D8C10360E4C8}.Debug|ARM.Deploy.0 = Debug|ARM
		{DB67D993-73FD-4F16-9D3B-D8C10360E4C8}.Debug|iPhone.ActiveCfg = Debug|x86
		{DB67D993-73FD-4F16-9D3B-D8C10360E4C8}.Debug|iPhoneSimulator.ActiveCfg = Debug|x86
		{DB67D993-73FD-4F16-9D3B-D8C10360E4C8}.Debug|x64.ActiveCfg = Debug|x64
		{DB67D993-73FD-4F16-9D3B-D8C10360E4C8}.Debug|x64.Build.0 = Debug|x64
		{DB67D993-73FD-4F16-9D3B-D8C10360E4C8}.Debug|x64.Deploy.0 = Debug|x64
		{DB67D993-73FD-4F16-9D3B-D8C10360E4C8}.Debug|x86.ActiveCfg = Debug|x86
		{DB67D993-73FD-4F16-9D3B-D8C10360E4C8}.Debug|x86.Build.0 = Debug|x86
		{DB67D993-73FD-4F16-9D3B-D8C10360E4C8}.Debug|x86.Deploy.0 = Debug|x86
		{DB67D993-73FD-4F16-9D3B-D8C10360E4C8}.Release|Any CPU.ActiveCfg = Release|x86
		{DB67D993-73FD-4F16-9D3B-D8C10360E4C8}.Release|ARM.ActiveCfg = Release|ARM
		{DB67D993-73FD-4F16-9D3B-D8C10360E4C8}.Release|ARM.Build.0 = Release|ARM
		{DB67D993-73FD-4F16-9D3B-D8C10360E4C8}.Release|ARM.Deploy.0 = Release|ARM
		{DB67D993-73FD-4F16-9D3B-D8C10360E4C8}.Release|iPhone.ActiveCfg = Release|x86
		{DB67D993-73FD-4F16-9D3B-D8C10360E4C8}.Release|iPhoneSimulator.ActiveCfg = Release|x86
		{DB67D993-73FD-4F16-9D3B-D8C10360E4C8}.Release|x64.ActiveCfg = Release|x64
		{DB67D993-73FD-4F16-9D3B-D8C10360E4C8}.Release|x64.Build.0 = Release|x64
		{DB67D993-73FD-4F16-9D3B-D8C10360E4C8}.Release|x64.Deploy.0 = Release|x64
		{DB67D993-73FD-4F16-9D3B-D8C10360E4C8}.Release|x86.ActiveCfg = Release|x86
		{DB67D993-73FD-4F16-9D3B-D8C10360E4C8}.Release|x86.Build.0 = Release|x86
		{DB67D993-73FD-4F16-9D3B-D8C10360E4C8}.Release|x86.Deploy.0 = Release|x86
		{57DC2955-FA0A-4D07-AA1A-8EA0D4D8E5B8}.Ad-Hoc|Any CPU.ActiveCfg = Release|Any CPU
		{57DC2955-FA0A-4D07-AA1A-8EA0D4D8E5B8}.Ad-Hoc|Any CPU.Build.0 = Release|Any CPU
		{57DC2955-FA0A-4D07-AA1A-8EA0D4D8E5B8}.Ad-Hoc|ARM.ActiveCfg = Release|Any CPU
		{57DC2955-FA0A-4D07-AA1A-8EA0D4D8E5B8}.Ad-Hoc|ARM.Build.0 = Release|Any CPU
		{57DC2955-FA0A-4D07-AA1A-8EA0D4D8E5B8}.Ad-Hoc|iPhone.ActiveCfg = Release|Any CPU
		{57DC2955-FA0A-4D07-AA1A-8EA0D4D8E5B8}.Ad-Hoc|iPhone.Build.0 = Release|Any CPU
		{57DC2955-FA0A-4D07-AA1A-8EA0D4D8E5B8}.Ad-Hoc|iPhoneSimulator.ActiveCfg = Release|Any CPU
		{57DC2955-FA0A-4D07-AA1A-8EA0D4D8E5B8}.Ad-Hoc|iPhoneSimulator.Build.0 = Release|Any CPU
		{57DC2955-FA0A-4D07-AA1A-8EA0D4D8E5B8}.Ad-Hoc|x64.ActiveCfg = Release|Any CPU
		{57DC2955-FA0A-4D07-AA1A-8EA0D4D8E5B8}.Ad-Hoc|x64.Build.0 = Release|Any CPU
		{57DC2955-FA0A-4D07-AA1A-8EA0D4D8E5B8}.Ad-Hoc|x86.ActiveCfg = Release|Any CPU
		{57DC2955-FA0A-4D07-AA1A-8EA0D4D8E5B8}.Ad-Hoc|x86.Build.0 = Release|Any CPU
		{57DC2955-FA0A-4D07-AA1A-8EA0D4D8E5B8}.AppStore|Any CPU.ActiveCfg = Release|Any CPU
		{57DC2955-FA0A-4D07-AA1A-8EA0D4D8E5B8}.AppStore|Any CPU.Build.0 = Release|Any CPU
		{57DC2955-FA0A-4D07-AA1A-8EA0D4D8E5B8}.AppStore|ARM.ActiveCfg = Release|Any CPU
		{57DC2955-FA0A-4D07-AA1A-8EA0D4D8E5B8}.AppStore|ARM.Build.0 = Release|Any CPU
		{57DC2955-FA0A-4D07-AA1A-8EA0D4D8E5B8}.AppStore|iPhone.ActiveCfg = Release|Any CPU
		{57DC2955-FA0A-4D07-AA1A-8EA0D4D8E5B8}.AppStore|iPhone.Build.0 = Release|Any CPU
		{57DC2955-FA0A-4D07-AA1A-8EA0D4D8E5B8}.AppStore|iPhoneSimulator.ActiveCfg = Release|Any CPU
		{57DC2955-FA0A-4D07-AA1A-8EA0D4D8E5B8}.AppStore|iPhoneSimulator.Build.0 = Release|Any CPU
		{57DC2955-FA0A-4D07-AA1A-8EA0D4D8E5B8}.AppStore|x64.ActiveCfg = Release|Any CPU
		{57DC2955-FA0A-4D07-AA1A-8EA0D4D8E5B8}.AppStore|x64.Build.0 = Release|Any CPU
		{57DC2955-FA0A-4D07-AA1A-8EA0D4D8E5B8}.AppStore|x86.ActiveCfg = Release|Any CPU
		{57DC2955-FA0A-4D07-AA1A-8EA0D4D8E5B8}.AppStore|x86.Build.0 = Release|Any CPU
		{57DC2955-FA0A-4D07-AA1A-8EA0D4D8E5B8}.Debug|Any CPU.ActiveCfg = Debug|Any CPU
		{57DC2955-FA0A-4D07-AA1A-8EA0D4D8E5B8}.Debug|Any CPU.Build.0 = Debug|Any CPU
		{57DC2955-FA0A-4D07-AA1A-8EA0D4D8E5B8}.Debug|ARM.ActiveCfg = Debug|Any CPU
		{57DC2955-FA0A-4D07-AA1A-8EA0D4D8E5B8}.Debug|ARM.Build.0 = Debug|Any CPU
		{57DC2955-FA0A-4D07-AA1A-8EA0D4D8E5B8}.Debug|iPhone.ActiveCfg = Debug|Any CPU
		{57DC2955-FA0A-4D07-AA1A-8EA0D4D8E5B8}.Debug|iPhone.Build.0 = Debug|Any CPU
		{57DC2955-FA0A-4D07-AA1A-8EA0D4D8E5B8}.Debug|iPhoneSimulator.ActiveCfg = Debug|Any CPU
		{57DC2955-FA0A-4D07-AA1A-8EA0D4D8E5B8}.Debug|iPhoneSimulator.Build.0 = Debug|Any CPU
		{57DC2955-FA0A-4D07-AA1A-8EA0D4D8E5B8}.Debug|x64.ActiveCfg = Debug|Any CPU
		{57DC2955-FA0A-4D07-AA1A-8EA0D4D8E5B8}.Debug|x64.Build.0 = Debug|Any CPU
		{57DC2955-FA0A-4D07-AA1A-8EA0D4D8E5B8}.Debug|x86.ActiveCfg = Debug|Any CPU
		{57DC2955-FA0A-4D07-AA1A-8EA0D4D8E5B8}.Debug|x86.Build.0 = Debug|Any CPU
		{57DC2955-FA0A-4D07-AA1A-8EA0D4D8E5B8}.Release|Any CPU.ActiveCfg = Release|Any CPU
		{57DC2955-FA0A-4D07-AA1A-8EA0D4D8E5B8}.Release|Any CPU.Build.0 = Release|Any CPU
		{57DC2955-FA0A-4D07-AA1A-8EA0D4D8E5B8}.Release|ARM.ActiveCfg = Release|Any CPU
		{57DC2955-FA0A-4D07-AA1A-8EA0D4D8E5B8}.Release|ARM.Build.0 = Release|Any CPU
		{57DC2955-FA0A-4D07-AA1A-8EA0D4D8E5B8}.Release|iPhone.ActiveCfg = Release|Any CPU
		{57DC2955-FA0A-4D07-AA1A-8EA0D4D8E5B8}.Release|iPhone.Build.0 = Release|Any CPU
		{57DC2955-FA0A-4D07-AA1A-8EA0D4D8E5B8}.Release|iPhoneSimulator.ActiveCfg = Release|Any CPU
		{57DC2955-FA0A-4D07-AA1A-8EA0D4D8E5B8}.Release|iPhoneSimulator.Build.0 = Release|Any CPU
		{57DC2955-FA0A-4D07-AA1A-8EA0D4D8E5B8}.Release|x64.ActiveCfg = Release|Any CPU
		{57DC2955-FA0A-4D07-AA1A-8EA0D4D8E5B8}.Release|x64.Build.0 = Release|Any CPU
		{57DC2955-FA0A-4D07-AA1A-8EA0D4D8E5B8}.Release|x86.ActiveCfg = Release|Any CPU
		{57DC2955-FA0A-4D07-AA1A-8EA0D4D8E5B8}.Release|x86.Build.0 = Release|Any CPU
		{856B49FC-E4CB-4805-871C-2CF7DACA976B}.Ad-Hoc|Any CPU.ActiveCfg = Release|Any CPU
		{856B49FC-E4CB-4805-871C-2CF7DACA976B}.Ad-Hoc|Any CPU.Build.0 = Release|Any CPU
		{856B49FC-E4CB-4805-871C-2CF7DACA976B}.Ad-Hoc|ARM.ActiveCfg = Release|Any CPU
		{856B49FC-E4CB-4805-871C-2CF7DACA976B}.Ad-Hoc|ARM.Build.0 = Release|Any CPU
		{856B49FC-E4CB-4805-871C-2CF7DACA976B}.Ad-Hoc|iPhone.ActiveCfg = Release|Any CPU
		{856B49FC-E4CB-4805-871C-2CF7DACA976B}.Ad-Hoc|iPhone.Build.0 = Release|Any CPU
		{856B49FC-E4CB-4805-871C-2CF7DACA976B}.Ad-Hoc|iPhoneSimulator.ActiveCfg = Release|Any CPU
		{856B49FC-E4CB-4805-871C-2CF7DACA976B}.Ad-Hoc|iPhoneSimulator.Build.0 = Release|Any CPU
		{856B49FC-E4CB-4805-871C-2CF7DACA976B}.Ad-Hoc|x64.ActiveCfg = Release|Any CPU
		{856B49FC-E4CB-4805-871C-2CF7DACA976B}.Ad-Hoc|x64.Build.0 = Release|Any CPU
		{856B49FC-E4CB-4805-871C-2CF7DACA976B}.Ad-Hoc|x86.ActiveCfg = Release|Any CPU
		{856B49FC-E4CB-4805-871C-2CF7DACA976B}.Ad-Hoc|x86.Build.0 = Release|Any CPU
		{856B49FC-E4CB-4805-871C-2CF7DACA976B}.AppStore|Any CPU.ActiveCfg = Release|Any CPU
		{856B49FC-E4CB-4805-871C-2CF7DACA976B}.AppStore|Any CPU.Build.0 = Release|Any CPU
		{856B49FC-E4CB-4805-871C-2CF7DACA976B}.AppStore|ARM.ActiveCfg = Release|Any CPU
		{856B49FC-E4CB-4805-871C-2CF7DACA976B}.AppStore|ARM.Build.0 = Release|Any CPU
		{856B49FC-E4CB-4805-871C-2CF7DACA976B}.AppStore|iPhone.ActiveCfg = Release|Any CPU
		{856B49FC-E4CB-4805-871C-2CF7DACA976B}.AppStore|iPhone.Build.0 = Release|Any CPU
		{856B49FC-E4CB-4805-871C-2CF7DACA976B}.AppStore|iPhoneSimulator.ActiveCfg = Release|Any CPU
		{856B49FC-E4CB-4805-871C-2CF7DACA976B}.AppStore|iPhoneSimulator.Build.0 = Release|Any CPU
		{856B49FC-E4CB-4805-871C-2CF7DACA976B}.AppStore|x64.ActiveCfg = Release|Any CPU
		{856B49FC-E4CB-4805-871C-2CF7DACA976B}.AppStore|x64.Build.0 = Release|Any CPU
		{856B49FC-E4CB-4805-871C-2CF7DACA976B}.AppStore|x86.ActiveCfg = Release|Any CPU
		{856B49FC-E4CB-4805-871C-2CF7DACA976B}.AppStore|x86.Build.0 = Release|Any CPU
		{856B49FC-E4CB-4805-871C-2CF7DACA976B}.Debug|Any CPU.ActiveCfg = Debug|Any CPU
		{856B49FC-E4CB-4805-871C-2CF7DACA976B}.Debug|Any CPU.Build.0 = Debug|Any CPU
		{856B49FC-E4CB-4805-871C-2CF7DACA976B}.Debug|ARM.ActiveCfg = Debug|Any CPU
		{856B49FC-E4CB-4805-871C-2CF7DACA976B}.Debug|ARM.Build.0 = Debug|Any CPU
		{856B49FC-E4CB-4805-871C-2CF7DACA976B}.Debug|iPhone.ActiveCfg = Debug|Any CPU
		{856B49FC-E4CB-4805-871C-2CF7DACA976B}.Debug|iPhone.Build.0 = Debug|Any CPU
		{856B49FC-E4CB-4805-871C-2CF7DACA976B}.Debug|iPhoneSimulator.ActiveCfg = Debug|Any CPU
		{856B49FC-E4CB-4805-871C-2CF7DACA976B}.Debug|iPhoneSimulator.Build.0 = Debug|Any CPU
		{856B49FC-E4CB-4805-871C-2CF7DACA976B}.Debug|x64.ActiveCfg = Debug|Any CPU
		{856B49FC-E4CB-4805-871C-2CF7DACA976B}.Debug|x64.Build.0 = Debug|Any CPU
		{856B49FC-E4CB-4805-871C-2CF7DACA976B}.Debug|x86.ActiveCfg = Debug|Any CPU
		{856B49FC-E4CB-4805-871C-2CF7DACA976B}.Debug|x86.Build.0 = Debug|Any CPU
		{856B49FC-E4CB-4805-871C-2CF7DACA976B}.Release|Any CPU.ActiveCfg = Release|Any CPU
		{856B49FC-E4CB-4805-871C-2CF7DACA976B}.Release|Any CPU.Build.0 = Release|Any CPU
		{856B49FC-E4CB-4805-871C-2CF7DACA976B}.Release|ARM.ActiveCfg = Release|Any CPU
		{856B49FC-E4CB-4805-871C-2CF7DACA976B}.Release|ARM.Build.0 = Release|Any CPU
		{856B49FC-E4CB-4805-871C-2CF7DACA976B}.Release|iPhone.ActiveCfg = Release|Any CPU
		{856B49FC-E4CB-4805-871C-2CF7DACA976B}.Release|iPhone.Build.0 = Release|Any CPU
		{856B49FC-E4CB-4805-871C-2CF7DACA976B}.Release|iPhoneSimulator.ActiveCfg = Release|Any CPU
		{856B49FC-E4CB-4805-871C-2CF7DACA976B}.Release|iPhoneSimulator.Build.0 = Release|Any CPU
		{856B49FC-E4CB-4805-871C-2CF7DACA976B}.Release|x64.ActiveCfg = Release|Any CPU
		{856B49FC-E4CB-4805-871C-2CF7DACA976B}.Release|x64.Build.0 = Release|Any CPU
		{856B49FC-E4CB-4805-871C-2CF7DACA976B}.Release|x86.ActiveCfg = Release|Any CPU
		{856B49FC-E4CB-4805-871C-2CF7DACA976B}.Release|x86.Build.0 = Release|Any CPU
		{444541C2-3B66-4D6F-82B5-F9ACB48D5165}.Ad-Hoc|Any CPU.ActiveCfg = Release|Any CPU
		{444541C2-3B66-4D6F-82B5-F9ACB48D5165}.Ad-Hoc|Any CPU.Build.0 = Release|Any CPU
		{444541C2-3B66-4D6F-82B5-F9ACB48D5165}.Ad-Hoc|ARM.ActiveCfg = Release|Any CPU
		{444541C2-3B66-4D6F-82B5-F9ACB48D5165}.Ad-Hoc|ARM.Build.0 = Release|Any CPU
		{444541C2-3B66-4D6F-82B5-F9ACB48D5165}.Ad-Hoc|iPhone.ActiveCfg = Release|Any CPU
		{444541C2-3B66-4D6F-82B5-F9ACB48D5165}.Ad-Hoc|iPhone.Build.0 = Release|Any CPU
		{444541C2-3B66-4D6F-82B5-F9ACB48D5165}.Ad-Hoc|iPhoneSimulator.ActiveCfg = Release|Any CPU
		{444541C2-3B66-4D6F-82B5-F9ACB48D5165}.Ad-Hoc|iPhoneSimulator.Build.0 = Release|Any CPU
		{444541C2-3B66-4D6F-82B5-F9ACB48D5165}.Ad-Hoc|x64.ActiveCfg = Release|Any CPU
		{444541C2-3B66-4D6F-82B5-F9ACB48D5165}.Ad-Hoc|x64.Build.0 = Release|Any CPU
		{444541C2-3B66-4D6F-82B5-F9ACB48D5165}.Ad-Hoc|x86.ActiveCfg = Release|Any CPU
		{444541C2-3B66-4D6F-82B5-F9ACB48D5165}.Ad-Hoc|x86.Build.0 = Release|Any CPU
		{444541C2-3B66-4D6F-82B5-F9ACB48D5165}.AppStore|Any CPU.ActiveCfg = Release|Any CPU
		{444541C2-3B66-4D6F-82B5-F9ACB48D5165}.AppStore|Any CPU.Build.0 = Release|Any CPU
		{444541C2-3B66-4D6F-82B5-F9ACB48D5165}.AppStore|ARM.ActiveCfg = Release|Any CPU
		{444541C2-3B66-4D6F-82B5-F9ACB48D5165}.AppStore|ARM.Build.0 = Release|Any CPU
		{444541C2-3B66-4D6F-82B5-F9ACB48D5165}.AppStore|iPhone.ActiveCfg = Release|Any CPU
		{444541C2-3B66-4D6F-82B5-F9ACB48D5165}.AppStore|iPhone.Build.0 = Release|Any CPU
		{444541C2-3B66-4D6F-82B5-F9ACB48D5165}.AppStore|iPhoneSimulator.ActiveCfg = Release|Any CPU
		{444541C2-3B66-4D6F-82B5-F9ACB48D5165}.AppStore|iPhoneSimulator.Build.0 = Release|Any CPU
		{444541C2-3B66-4D6F-82B5-F9ACB48D5165}.AppStore|x64.ActiveCfg = Release|Any CPU
		{444541C2-3B66-4D6F-82B5-F9ACB48D5165}.AppStore|x64.Build.0 = Release|Any CPU
		{444541C2-3B66-4D6F-82B5-F9ACB48D5165}.AppStore|x86.ActiveCfg = Release|Any CPU
		{444541C2-3B66-4D6F-82B5-F9ACB48D5165}.AppStore|x86.Build.0 = Release|Any CPU
		{444541C2-3B66-4D6F-82B5-F9ACB48D5165}.Debug|Any CPU.ActiveCfg = Debug|Any CPU
		{444541C2-3B66-4D6F-82B5-F9ACB48D5165}.Debug|Any CPU.Build.0 = Debug|Any CPU
		{444541C2-3B66-4D6F-82B5-F9ACB48D5165}.Debug|ARM.ActiveCfg = Debug|Any CPU
		{444541C2-3B66-4D6F-82B5-F9ACB48D5165}.Debug|ARM.Build.0 = Debug|Any CPU
		{444541C2-3B66-4D6F-82B5-F9ACB48D5165}.Debug|iPhone.ActiveCfg = Debug|Any CPU
		{444541C2-3B66-4D6F-82B5-F9ACB48D5165}.Debug|iPhone.Build.0 = Debug|Any CPU
		{444541C2-3B66-4D6F-82B5-F9ACB48D5165}.Debug|iPhoneSimulator.ActiveCfg = Debug|Any CPU
		{444541C2-3B66-4D6F-82B5-F9ACB48D5165}.Debug|iPhoneSimulator.Build.0 = Debug|Any CPU
		{444541C2-3B66-4D6F-82B5-F9ACB48D5165}.Debug|x64.ActiveCfg = Debug|Any CPU
		{444541C2-3B66-4D6F-82B5-F9ACB48D5165}.Debug|x64.Build.0 = Debug|Any CPU
		{444541C2-3B66-4D6F-82B5-F9ACB48D5165}.Debug|x86.ActiveCfg = Debug|Any CPU
		{444541C2-3B66-4D6F-82B5-F9ACB48D5165}.Debug|x86.Build.0 = Debug|Any CPU
		{444541C2-3B66-4D6F-82B5-F9ACB48D5165}.Release|Any CPU.ActiveCfg = Release|Any CPU
		{444541C2-3B66-4D6F-82B5-F9ACB48D5165}.Release|Any CPU.Build.0 = Release|Any CPU
		{444541C2-3B66-4D6F-82B5-F9ACB48D5165}.Release|ARM.ActiveCfg = Release|Any CPU
		{444541C2-3B66-4D6F-82B5-F9ACB48D5165}.Release|ARM.Build.0 = Release|Any CPU
		{444541C2-3B66-4D6F-82B5-F9ACB48D5165}.Release|iPhone.ActiveCfg = Release|Any CPU
		{444541C2-3B66-4D6F-82B5-F9ACB48D5165}.Release|iPhone.Build.0 = Release|Any CPU
		{444541C2-3B66-4D6F-82B5-F9ACB48D5165}.Release|iPhoneSimulator.ActiveCfg = Release|Any CPU
		{444541C2-3B66-4D6F-82B5-F9ACB48D5165}.Release|iPhoneSimulator.Build.0 = Release|Any CPU
		{444541C2-3B66-4D6F-82B5-F9ACB48D5165}.Release|x64.ActiveCfg = Release|Any CPU
		{444541C2-3B66-4D6F-82B5-F9ACB48D5165}.Release|x64.Build.0 = Release|Any CPU
		{444541C2-3B66-4D6F-82B5-F9ACB48D5165}.Release|x86.ActiveCfg = Release|Any CPU
		{444541C2-3B66-4D6F-82B5-F9ACB48D5165}.Release|x86.Build.0 = Release|Any CPU
		{4A1E674C-873E-4927-A7E0-D062DD5C39AC}.Ad-Hoc|Any CPU.ActiveCfg = Release|Any CPU
		{4A1E674C-873E-4927-A7E0-D062DD5C39AC}.Ad-Hoc|Any CPU.Build.0 = Release|Any CPU
		{4A1E674C-873E-4927-A7E0-D062DD5C39AC}.Ad-Hoc|ARM.ActiveCfg = Release|Any CPU
		{4A1E674C-873E-4927-A7E0-D062DD5C39AC}.Ad-Hoc|ARM.Build.0 = Release|Any CPU
		{4A1E674C-873E-4927-A7E0-D062DD5C39AC}.Ad-Hoc|iPhone.ActiveCfg = Release|Any CPU
		{4A1E674C-873E-4927-A7E0-D062DD5C39AC}.Ad-Hoc|iPhone.Build.0 = Release|Any CPU
		{4A1E674C-873E-4927-A7E0-D062DD5C39AC}.Ad-Hoc|iPhoneSimulator.ActiveCfg = Release|Any CPU
		{4A1E674C-873E-4927-A7E0-D062DD5C39AC}.Ad-Hoc|iPhoneSimulator.Build.0 = Release|Any CPU
		{4A1E674C-873E-4927-A7E0-D062DD5C39AC}.Ad-Hoc|x64.ActiveCfg = Release|Any CPU
		{4A1E674C-873E-4927-A7E0-D062DD5C39AC}.Ad-Hoc|x64.Build.0 = Release|Any CPU
		{4A1E674C-873E-4927-A7E0-D062DD5C39AC}.Ad-Hoc|x86.ActiveCfg = Release|Any CPU
		{4A1E674C-873E-4927-A7E0-D062DD5C39AC}.Ad-Hoc|x86.Build.0 = Release|Any CPU
		{4A1E674C-873E-4927-A7E0-D062DD5C39AC}.AppStore|Any CPU.ActiveCfg = Release|Any CPU
		{4A1E674C-873E-4927-A7E0-D062DD5C39AC}.AppStore|Any CPU.Build.0 = Release|Any CPU
		{4A1E674C-873E-4927-A7E0-D062DD5C39AC}.AppStore|ARM.ActiveCfg = Release|Any CPU
		{4A1E674C-873E-4927-A7E0-D062DD5C39AC}.AppStore|ARM.Build.0 = Release|Any CPU
		{4A1E674C-873E-4927-A7E0-D062DD5C39AC}.AppStore|iPhone.ActiveCfg = Release|Any CPU
		{4A1E674C-873E-4927-A7E0-D062DD5C39AC}.AppStore|iPhone.Build.0 = Release|Any CPU
		{4A1E674C-873E-4927-A7E0-D062DD5C39AC}.AppStore|iPhoneSimulator.ActiveCfg = Release|Any CPU
		{4A1E674C-873E-4927-A7E0-D062DD5C39AC}.AppStore|iPhoneSimulator.Build.0 = Release|Any CPU
		{4A1E674C-873E-4927-A7E0-D062DD5C39AC}.AppStore|x64.ActiveCfg = Release|Any CPU
		{4A1E674C-873E-4927-A7E0-D062DD5C39AC}.AppStore|x64.Build.0 = Release|Any CPU
		{4A1E674C-873E-4927-A7E0-D062DD5C39AC}.AppStore|x86.ActiveCfg = Release|Any CPU
		{4A1E674C-873E-4927-A7E0-D062DD5C39AC}.AppStore|x86.Build.0 = Release|Any CPU
		{4A1E674C-873E-4927-A7E0-D062DD5C39AC}.Debug|Any CPU.ActiveCfg = Debug|Any CPU
		{4A1E674C-873E-4927-A7E0-D062DD5C39AC}.Debug|Any CPU.Build.0 = Debug|Any CPU
		{4A1E674C-873E-4927-A7E0-D062DD5C39AC}.Debug|ARM.ActiveCfg = Debug|Any CPU
		{4A1E674C-873E-4927-A7E0-D062DD5C39AC}.Debug|ARM.Build.0 = Debug|Any CPU
		{4A1E674C-873E-4927-A7E0-D062DD5C39AC}.Debug|iPhone.ActiveCfg = Debug|Any CPU
		{4A1E674C-873E-4927-A7E0-D062DD5C39AC}.Debug|iPhone.Build.0 = Debug|Any CPU
		{4A1E674C-873E-4927-A7E0-D062DD5C39AC}.Debug|iPhoneSimulator.ActiveCfg = Debug|Any CPU
		{4A1E674C-873E-4927-A7E0-D062DD5C39AC}.Debug|iPhoneSimulator.Build.0 = Debug|Any CPU
		{4A1E674C-873E-4927-A7E0-D062DD5C39AC}.Debug|x64.ActiveCfg = Debug|Any CPU
		{4A1E674C-873E-4927-A7E0-D062DD5C39AC}.Debug|x64.Build.0 = Debug|Any CPU
		{4A1E674C-873E-4927-A7E0-D062DD5C39AC}.Debug|x86.ActiveCfg = Debug|Any CPU
		{4A1E674C-873E-4927-A7E0-D062DD5C39AC}.Debug|x86.Build.0 = Debug|Any CPU
		{4A1E674C-873E-4927-A7E0-D062DD5C39AC}.Release|Any CPU.ActiveCfg = Release|Any CPU
		{4A1E674C-873E-4927-A7E0-D062DD5C39AC}.Release|Any CPU.Build.0 = Release|Any CPU
		{4A1E674C-873E-4927-A7E0-D062DD5C39AC}.Release|ARM.ActiveCfg = Release|Any CPU
		{4A1E674C-873E-4927-A7E0-D062DD5C39AC}.Release|ARM.Build.0 = Release|Any CPU
		{4A1E674C-873E-4927-A7E0-D062DD5C39AC}.Release|iPhone.ActiveCfg = Release|Any CPU
		{4A1E674C-873E-4927-A7E0-D062DD5C39AC}.Release|iPhone.Build.0 = Release|Any CPU
		{4A1E674C-873E-4927-A7E0-D062DD5C39AC}.Release|iPhoneSimulator.ActiveCfg = Release|Any CPU
		{4A1E674C-873E-4927-A7E0-D062DD5C39AC}.Release|iPhoneSimulator.Build.0 = Release|Any CPU
		{4A1E674C-873E-4927-A7E0-D062DD5C39AC}.Release|x64.ActiveCfg = Release|Any CPU
		{4A1E674C-873E-4927-A7E0-D062DD5C39AC}.Release|x64.Build.0 = Release|Any CPU
		{4A1E674C-873E-4927-A7E0-D062DD5C39AC}.Release|x86.ActiveCfg = Release|Any CPU
		{4A1E674C-873E-4927-A7E0-D062DD5C39AC}.Release|x86.Build.0 = Release|Any CPU
		{4E4657E8-4B1F-47A6-92D8-90813A23C972}.Ad-Hoc|Any CPU.ActiveCfg = Release|Any CPU
		{4E4657E8-4B1F-47A6-92D8-90813A23C972}.Ad-Hoc|Any CPU.Build.0 = Release|Any CPU
		{4E4657E8-4B1F-47A6-92D8-90813A23C972}.Ad-Hoc|ARM.ActiveCfg = Release|Any CPU
		{4E4657E8-4B1F-47A6-92D8-90813A23C972}.Ad-Hoc|ARM.Build.0 = Release|Any CPU
		{4E4657E8-4B1F-47A6-92D8-90813A23C972}.Ad-Hoc|iPhone.ActiveCfg = Release|Any CPU
		{4E4657E8-4B1F-47A6-92D8-90813A23C972}.Ad-Hoc|iPhone.Build.0 = Release|Any CPU
		{4E4657E8-4B1F-47A6-92D8-90813A23C972}.Ad-Hoc|iPhoneSimulator.ActiveCfg = Release|Any CPU
		{4E4657E8-4B1F-47A6-92D8-90813A23C972}.Ad-Hoc|iPhoneSimulator.Build.0 = Release|Any CPU
		{4E4657E8-4B1F-47A6-92D8-90813A23C972}.Ad-Hoc|x64.ActiveCfg = Release|Any CPU
		{4E4657E8-4B1F-47A6-92D8-90813A23C972}.Ad-Hoc|x64.Build.0 = Release|Any CPU
		{4E4657E8-4B1F-47A6-92D8-90813A23C972}.Ad-Hoc|x86.ActiveCfg = Release|Any CPU
		{4E4657E8-4B1F-47A6-92D8-90813A23C972}.Ad-Hoc|x86.Build.0 = Release|Any CPU
		{4E4657E8-4B1F-47A6-92D8-90813A23C972}.AppStore|Any CPU.ActiveCfg = Release|Any CPU
		{4E4657E8-4B1F-47A6-92D8-90813A23C972}.AppStore|Any CPU.Build.0 = Release|Any CPU
		{4E4657E8-4B1F-47A6-92D8-90813A23C972}.AppStore|ARM.ActiveCfg = Release|Any CPU
		{4E4657E8-4B1F-47A6-92D8-90813A23C972}.AppStore|ARM.Build.0 = Release|Any CPU
		{4E4657E8-4B1F-47A6-92D8-90813A23C972}.AppStore|iPhone.ActiveCfg = Release|Any CPU
		{4E4657E8-4B1F-47A6-92D8-90813A23C972}.AppStore|iPhone.Build.0 = Release|Any CPU
		{4E4657E8-4B1F-47A6-92D8-90813A23C972}.AppStore|iPhoneSimulator.ActiveCfg = Release|Any CPU
		{4E4657E8-4B1F-47A6-92D8-90813A23C972}.AppStore|iPhoneSimulator.Build.0 = Release|Any CPU
		{4E4657E8-4B1F-47A6-92D8-90813A23C972}.AppStore|x64.ActiveCfg = Release|Any CPU
		{4E4657E8-4B1F-47A6-92D8-90813A23C972}.AppStore|x64.Build.0 = Release|Any CPU
		{4E4657E8-4B1F-47A6-92D8-90813A23C972}.AppStore|x86.ActiveCfg = Release|Any CPU
		{4E4657E8-4B1F-47A6-92D8-90813A23C972}.AppStore|x86.Build.0 = Release|Any CPU
		{4E4657E8-4B1F-47A6-92D8-90813A23C972}.Debug|Any CPU.ActiveCfg = Debug|Any CPU
		{4E4657E8-4B1F-47A6-92D8-90813A23C972}.Debug|Any CPU.Build.0 = Debug|Any CPU
		{4E4657E8-4B1F-47A6-92D8-90813A23C972}.Debug|ARM.ActiveCfg = Debug|Any CPU
		{4E4657E8-4B1F-47A6-92D8-90813A23C972}.Debug|ARM.Build.0 = Debug|Any CPU
		{4E4657E8-4B1F-47A6-92D8-90813A23C972}.Debug|iPhone.ActiveCfg = Debug|Any CPU
		{4E4657E8-4B1F-47A6-92D8-90813A23C972}.Debug|iPhone.Build.0 = Debug|Any CPU
		{4E4657E8-4B1F-47A6-92D8-90813A23C972}.Debug|iPhoneSimulator.ActiveCfg = Debug|Any CPU
		{4E4657E8-4B1F-47A6-92D8-90813A23C972}.Debug|iPhoneSimulator.Build.0 = Debug|Any CPU
		{4E4657E8-4B1F-47A6-92D8-90813A23C972}.Debug|x64.ActiveCfg = Debug|Any CPU
		{4E4657E8-4B1F-47A6-92D8-90813A23C972}.Debug|x64.Build.0 = Debug|Any CPU
		{4E4657E8-4B1F-47A6-92D8-90813A23C972}.Debug|x86.ActiveCfg = Debug|Any CPU
		{4E4657E8-4B1F-47A6-92D8-90813A23C972}.Debug|x86.Build.0 = Debug|Any CPU
		{4E4657E8-4B1F-47A6-92D8-90813A23C972}.Release|Any CPU.ActiveCfg = Release|Any CPU
		{4E4657E8-4B1F-47A6-92D8-90813A23C972}.Release|Any CPU.Build.0 = Release|Any CPU
		{4E4657E8-4B1F-47A6-92D8-90813A23C972}.Release|ARM.ActiveCfg = Release|Any CPU
		{4E4657E8-4B1F-47A6-92D8-90813A23C972}.Release|ARM.Build.0 = Release|Any CPU
		{4E4657E8-4B1F-47A6-92D8-90813A23C972}.Release|iPhone.ActiveCfg = Release|Any CPU
		{4E4657E8-4B1F-47A6-92D8-90813A23C972}.Release|iPhone.Build.0 = Release|Any CPU
		{4E4657E8-4B1F-47A6-92D8-90813A23C972}.Release|iPhoneSimulator.ActiveCfg = Release|Any CPU
		{4E4657E8-4B1F-47A6-92D8-90813A23C972}.Release|iPhoneSimulator.Build.0 = Release|Any CPU
		{4E4657E8-4B1F-47A6-92D8-90813A23C972}.Release|x64.ActiveCfg = Release|Any CPU
		{4E4657E8-4B1F-47A6-92D8-90813A23C972}.Release|x64.Build.0 = Release|Any CPU
		{4E4657E8-4B1F-47A6-92D8-90813A23C972}.Release|x86.ActiveCfg = Release|Any CPU
		{4E4657E8-4B1F-47A6-92D8-90813A23C972}.Release|x86.Build.0 = Release|Any CPU
		{0108F201-31DC-4F4F-9B64-A78B754FA1A9}.Ad-Hoc|Any CPU.ActiveCfg = Release|Any CPU
		{0108F201-31DC-4F4F-9B64-A78B754FA1A9}.Ad-Hoc|Any CPU.Build.0 = Release|Any CPU
		{0108F201-31DC-4F4F-9B64-A78B754FA1A9}.Ad-Hoc|Any CPU.Deploy.0 = Release|Any CPU
		{0108F201-31DC-4F4F-9B64-A78B754FA1A9}.Ad-Hoc|ARM.ActiveCfg = Release|Any CPU
		{0108F201-31DC-4F4F-9B64-A78B754FA1A9}.Ad-Hoc|ARM.Build.0 = Release|Any CPU
		{0108F201-31DC-4F4F-9B64-A78B754FA1A9}.Ad-Hoc|ARM.Deploy.0 = Release|Any CPU
		{0108F201-31DC-4F4F-9B64-A78B754FA1A9}.Ad-Hoc|iPhone.ActiveCfg = Release|Any CPU
		{0108F201-31DC-4F4F-9B64-A78B754FA1A9}.Ad-Hoc|iPhone.Build.0 = Release|Any CPU
		{0108F201-31DC-4F4F-9B64-A78B754FA1A9}.Ad-Hoc|iPhone.Deploy.0 = Release|Any CPU
		{0108F201-31DC-4F4F-9B64-A78B754FA1A9}.Ad-Hoc|iPhoneSimulator.ActiveCfg = Release|Any CPU
		{0108F201-31DC-4F4F-9B64-A78B754FA1A9}.Ad-Hoc|iPhoneSimulator.Build.0 = Release|Any CPU
		{0108F201-31DC-4F4F-9B64-A78B754FA1A9}.Ad-Hoc|iPhoneSimulator.Deploy.0 = Release|Any CPU
		{0108F201-31DC-4F4F-9B64-A78B754FA1A9}.Ad-Hoc|x64.ActiveCfg = Release|Any CPU
		{0108F201-31DC-4F4F-9B64-A78B754FA1A9}.Ad-Hoc|x64.Build.0 = Release|Any CPU
		{0108F201-31DC-4F4F-9B64-A78B754FA1A9}.Ad-Hoc|x64.Deploy.0 = Release|Any CPU
		{0108F201-31DC-4F4F-9B64-A78B754FA1A9}.Ad-Hoc|x86.ActiveCfg = Release|Any CPU
		{0108F201-31DC-4F4F-9B64-A78B754FA1A9}.Ad-Hoc|x86.Build.0 = Release|Any CPU
		{0108F201-31DC-4F4F-9B64-A78B754FA1A9}.Ad-Hoc|x86.Deploy.0 = Release|Any CPU
		{0108F201-31DC-4F4F-9B64-A78B754FA1A9}.AppStore|Any CPU.ActiveCfg = Release|Any CPU
		{0108F201-31DC-4F4F-9B64-A78B754FA1A9}.AppStore|Any CPU.Build.0 = Release|Any CPU
		{0108F201-31DC-4F4F-9B64-A78B754FA1A9}.AppStore|Any CPU.Deploy.0 = Release|Any CPU
		{0108F201-31DC-4F4F-9B64-A78B754FA1A9}.AppStore|ARM.ActiveCfg = Release|Any CPU
		{0108F201-31DC-4F4F-9B64-A78B754FA1A9}.AppStore|ARM.Build.0 = Release|Any CPU
		{0108F201-31DC-4F4F-9B64-A78B754FA1A9}.AppStore|ARM.Deploy.0 = Release|Any CPU
		{0108F201-31DC-4F4F-9B64-A78B754FA1A9}.AppStore|iPhone.ActiveCfg = Release|Any CPU
		{0108F201-31DC-4F4F-9B64-A78B754FA1A9}.AppStore|iPhone.Build.0 = Release|Any CPU
		{0108F201-31DC-4F4F-9B64-A78B754FA1A9}.AppStore|iPhone.Deploy.0 = Release|Any CPU
		{0108F201-31DC-4F4F-9B64-A78B754FA1A9}.AppStore|iPhoneSimulator.ActiveCfg = Release|Any CPU
		{0108F201-31DC-4F4F-9B64-A78B754FA1A9}.AppStore|iPhoneSimulator.Build.0 = Release|Any CPU
		{0108F201-31DC-4F4F-9B64-A78B754FA1A9}.AppStore|iPhoneSimulator.Deploy.0 = Release|Any CPU
		{0108F201-31DC-4F4F-9B64-A78B754FA1A9}.AppStore|x64.ActiveCfg = Release|Any CPU
		{0108F201-31DC-4F4F-9B64-A78B754FA1A9}.AppStore|x64.Build.0 = Release|Any CPU
		{0108F201-31DC-4F4F-9B64-A78B754FA1A9}.AppStore|x64.Deploy.0 = Release|Any CPU
		{0108F201-31DC-4F4F-9B64-A78B754FA1A9}.AppStore|x86.ActiveCfg = Release|Any CPU
		{0108F201-31DC-4F4F-9B64-A78B754FA1A9}.AppStore|x86.Build.0 = Release|Any CPU
		{0108F201-31DC-4F4F-9B64-A78B754FA1A9}.AppStore|x86.Deploy.0 = Release|Any CPU
		{0108F201-31DC-4F4F-9B64-A78B754FA1A9}.Debug|Any CPU.ActiveCfg = Debug|Any CPU
		{0108F201-31DC-4F4F-9B64-A78B754FA1A9}.Debug|Any CPU.Build.0 = Debug|Any CPU
		{0108F201-31DC-4F4F-9B64-A78B754FA1A9}.Debug|Any CPU.Deploy.0 = Debug|Any CPU
		{0108F201-31DC-4F4F-9B64-A78B754FA1A9}.Debug|ARM.ActiveCfg = Debug|Any CPU
		{0108F201-31DC-4F4F-9B64-A78B754FA1A9}.Debug|ARM.Build.0 = Debug|Any CPU
		{0108F201-31DC-4F4F-9B64-A78B754FA1A9}.Debug|ARM.Deploy.0 = Debug|Any CPU
		{0108F201-31DC-4F4F-9B64-A78B754FA1A9}.Debug|iPhone.ActiveCfg = Debug|Any CPU
		{0108F201-31DC-4F4F-9B64-A78B754FA1A9}.Debug|iPhone.Build.0 = Debug|Any CPU
		{0108F201-31DC-4F4F-9B64-A78B754FA1A9}.Debug|iPhone.Deploy.0 = Debug|Any CPU
		{0108F201-31DC-4F4F-9B64-A78B754FA1A9}.Debug|iPhoneSimulator.ActiveCfg = Debug|Any CPU
		{0108F201-31DC-4F4F-9B64-A78B754FA1A9}.Debug|iPhoneSimulator.Build.0 = Debug|Any CPU
		{0108F201-31DC-4F4F-9B64-A78B754FA1A9}.Debug|iPhoneSimulator.Deploy.0 = Debug|Any CPU
		{0108F201-31DC-4F4F-9B64-A78B754FA1A9}.Debug|x64.ActiveCfg = Debug|Any CPU
		{0108F201-31DC-4F4F-9B64-A78B754FA1A9}.Debug|x64.Build.0 = Debug|Any CPU
		{0108F201-31DC-4F4F-9B64-A78B754FA1A9}.Debug|x64.Deploy.0 = Debug|Any CPU
		{0108F201-31DC-4F4F-9B64-A78B754FA1A9}.Debug|x86.ActiveCfg = Debug|Any CPU
		{0108F201-31DC-4F4F-9B64-A78B754FA1A9}.Debug|x86.Build.0 = Debug|Any CPU
		{0108F201-31DC-4F4F-9B64-A78B754FA1A9}.Debug|x86.Deploy.0 = Debug|Any CPU
		{0108F201-31DC-4F4F-9B64-A78B754FA1A9}.Release|Any CPU.ActiveCfg = Release|Any CPU
		{0108F201-31DC-4F4F-9B64-A78B754FA1A9}.Release|Any CPU.Build.0 = Release|Any CPU
		{0108F201-31DC-4F4F-9B64-A78B754FA1A9}.Release|Any CPU.Deploy.0 = Release|Any CPU
		{0108F201-31DC-4F4F-9B64-A78B754FA1A9}.Release|ARM.ActiveCfg = Release|Any CPU
		{0108F201-31DC-4F4F-9B64-A78B754FA1A9}.Release|ARM.Build.0 = Release|Any CPU
		{0108F201-31DC-4F4F-9B64-A78B754FA1A9}.Release|ARM.Deploy.0 = Release|Any CPU
		{0108F201-31DC-4F4F-9B64-A78B754FA1A9}.Release|iPhone.ActiveCfg = Release|Any CPU
		{0108F201-31DC-4F4F-9B64-A78B754FA1A9}.Release|iPhone.Build.0 = Release|Any CPU
		{0108F201-31DC-4F4F-9B64-A78B754FA1A9}.Release|iPhone.Deploy.0 = Release|Any CPU
		{0108F201-31DC-4F4F-9B64-A78B754FA1A9}.Release|iPhoneSimulator.ActiveCfg = Release|Any CPU
		{0108F201-31DC-4F4F-9B64-A78B754FA1A9}.Release|iPhoneSimulator.Build.0 = Release|Any CPU
		{0108F201-31DC-4F4F-9B64-A78B754FA1A9}.Release|iPhoneSimulator.Deploy.0 = Release|Any CPU
		{0108F201-31DC-4F4F-9B64-A78B754FA1A9}.Release|x64.ActiveCfg = Release|Any CPU
		{0108F201-31DC-4F4F-9B64-A78B754FA1A9}.Release|x64.Build.0 = Release|Any CPU
		{0108F201-31DC-4F4F-9B64-A78B754FA1A9}.Release|x64.Deploy.0 = Release|Any CPU
		{0108F201-31DC-4F4F-9B64-A78B754FA1A9}.Release|x86.ActiveCfg = Release|Any CPU
		{0108F201-31DC-4F4F-9B64-A78B754FA1A9}.Release|x86.Build.0 = Release|Any CPU
		{0108F201-31DC-4F4F-9B64-A78B754FA1A9}.Release|x86.Deploy.0 = Release|Any CPU
		{6AFA1A54-072E-49CF-AC52-5087C5E406D8}.Ad-Hoc|Any CPU.ActiveCfg = Release|Any CPU
		{6AFA1A54-072E-49CF-AC52-5087C5E406D8}.Ad-Hoc|Any CPU.Build.0 = Release|Any CPU
		{6AFA1A54-072E-49CF-AC52-5087C5E406D8}.Ad-Hoc|ARM.ActiveCfg = Release|Any CPU
		{6AFA1A54-072E-49CF-AC52-5087C5E406D8}.Ad-Hoc|ARM.Build.0 = Release|Any CPU
		{6AFA1A54-072E-49CF-AC52-5087C5E406D8}.Ad-Hoc|iPhone.ActiveCfg = Release|Any CPU
		{6AFA1A54-072E-49CF-AC52-5087C5E406D8}.Ad-Hoc|iPhone.Build.0 = Release|Any CPU
		{6AFA1A54-072E-49CF-AC52-5087C5E406D8}.Ad-Hoc|iPhoneSimulator.ActiveCfg = Release|Any CPU
		{6AFA1A54-072E-49CF-AC52-5087C5E406D8}.Ad-Hoc|iPhoneSimulator.Build.0 = Release|Any CPU
		{6AFA1A54-072E-49CF-AC52-5087C5E406D8}.Ad-Hoc|x64.ActiveCfg = Release|Any CPU
		{6AFA1A54-072E-49CF-AC52-5087C5E406D8}.Ad-Hoc|x64.Build.0 = Release|Any CPU
		{6AFA1A54-072E-49CF-AC52-5087C5E406D8}.Ad-Hoc|x86.ActiveCfg = Release|Any CPU
		{6AFA1A54-072E-49CF-AC52-5087C5E406D8}.Ad-Hoc|x86.Build.0 = Release|Any CPU
		{6AFA1A54-072E-49CF-AC52-5087C5E406D8}.AppStore|Any CPU.ActiveCfg = Release|Any CPU
		{6AFA1A54-072E-49CF-AC52-5087C5E406D8}.AppStore|Any CPU.Build.0 = Release|Any CPU
		{6AFA1A54-072E-49CF-AC52-5087C5E406D8}.AppStore|ARM.ActiveCfg = Release|Any CPU
		{6AFA1A54-072E-49CF-AC52-5087C5E406D8}.AppStore|ARM.Build.0 = Release|Any CPU
		{6AFA1A54-072E-49CF-AC52-5087C5E406D8}.AppStore|iPhone.ActiveCfg = Release|Any CPU
		{6AFA1A54-072E-49CF-AC52-5087C5E406D8}.AppStore|iPhone.Build.0 = Release|Any CPU
		{6AFA1A54-072E-49CF-AC52-5087C5E406D8}.AppStore|iPhoneSimulator.ActiveCfg = Release|Any CPU
		{6AFA1A54-072E-49CF-AC52-5087C5E406D8}.AppStore|iPhoneSimulator.Build.0 = Release|Any CPU
		{6AFA1A54-072E-49CF-AC52-5087C5E406D8}.AppStore|x64.ActiveCfg = Release|Any CPU
		{6AFA1A54-072E-49CF-AC52-5087C5E406D8}.AppStore|x64.Build.0 = Release|Any CPU
		{6AFA1A54-072E-49CF-AC52-5087C5E406D8}.AppStore|x86.ActiveCfg = Release|Any CPU
		{6AFA1A54-072E-49CF-AC52-5087C5E406D8}.AppStore|x86.Build.0 = Release|Any CPU
		{6AFA1A54-072E-49CF-AC52-5087C5E406D8}.Debug|Any CPU.ActiveCfg = Debug|Any CPU
		{6AFA1A54-072E-49CF-AC52-5087C5E406D8}.Debug|Any CPU.Build.0 = Debug|Any CPU
		{6AFA1A54-072E-49CF-AC52-5087C5E406D8}.Debug|ARM.ActiveCfg = Debug|Any CPU
		{6AFA1A54-072E-49CF-AC52-5087C5E406D8}.Debug|ARM.Build.0 = Debug|Any CPU
		{6AFA1A54-072E-49CF-AC52-5087C5E406D8}.Debug|iPhone.ActiveCfg = Debug|Any CPU
		{6AFA1A54-072E-49CF-AC52-5087C5E406D8}.Debug|iPhone.Build.0 = Debug|Any CPU
		{6AFA1A54-072E-49CF-AC52-5087C5E406D8}.Debug|iPhoneSimulator.ActiveCfg = Debug|Any CPU
		{6AFA1A54-072E-49CF-AC52-5087C5E406D8}.Debug|iPhoneSimulator.Build.0 = Debug|Any CPU
		{6AFA1A54-072E-49CF-AC52-5087C5E406D8}.Debug|x64.ActiveCfg = Debug|Any CPU
		{6AFA1A54-072E-49CF-AC52-5087C5E406D8}.Debug|x64.Build.0 = Debug|Any CPU
		{6AFA1A54-072E-49CF-AC52-5087C5E406D8}.Debug|x86.ActiveCfg = Debug|Any CPU
		{6AFA1A54-072E-49CF-AC52-5087C5E406D8}.Debug|x86.Build.0 = Debug|Any CPU
		{6AFA1A54-072E-49CF-AC52-5087C5E406D8}.Release|Any CPU.ActiveCfg = Release|Any CPU
		{6AFA1A54-072E-49CF-AC52-5087C5E406D8}.Release|Any CPU.Build.0 = Release|Any CPU
		{6AFA1A54-072E-49CF-AC52-5087C5E406D8}.Release|ARM.ActiveCfg = Release|Any CPU
		{6AFA1A54-072E-49CF-AC52-5087C5E406D8}.Release|ARM.Build.0 = Release|Any CPU
		{6AFA1A54-072E-49CF-AC52-5087C5E406D8}.Release|iPhone.ActiveCfg = Release|Any CPU
		{6AFA1A54-072E-49CF-AC52-5087C5E406D8}.Release|iPhone.Build.0 = Release|Any CPU
		{6AFA1A54-072E-49CF-AC52-5087C5E406D8}.Release|iPhoneSimulator.ActiveCfg = Release|Any CPU
		{6AFA1A54-072E-49CF-AC52-5087C5E406D8}.Release|iPhoneSimulator.Build.0 = Release|Any CPU
		{6AFA1A54-072E-49CF-AC52-5087C5E406D8}.Release|x64.ActiveCfg = Release|Any CPU
		{6AFA1A54-072E-49CF-AC52-5087C5E406D8}.Release|x64.Build.0 = Release|Any CPU
		{6AFA1A54-072E-49CF-AC52-5087C5E406D8}.Release|x86.ActiveCfg = Release|Any CPU
		{6AFA1A54-072E-49CF-AC52-5087C5E406D8}.Release|x86.Build.0 = Release|Any CPU
		{AAE4817F-FAEF-49AC-B5C4-D61754B4636D}.Ad-Hoc|Any CPU.ActiveCfg = Release|Any CPU
		{AAE4817F-FAEF-49AC-B5C4-D61754B4636D}.Ad-Hoc|Any CPU.Build.0 = Release|Any CPU
		{AAE4817F-FAEF-49AC-B5C4-D61754B4636D}.Ad-Hoc|ARM.ActiveCfg = Release|Any CPU
		{AAE4817F-FAEF-49AC-B5C4-D61754B4636D}.Ad-Hoc|ARM.Build.0 = Release|Any CPU
		{AAE4817F-FAEF-49AC-B5C4-D61754B4636D}.Ad-Hoc|iPhone.ActiveCfg = Release|Any CPU
		{AAE4817F-FAEF-49AC-B5C4-D61754B4636D}.Ad-Hoc|iPhone.Build.0 = Release|Any CPU
		{AAE4817F-FAEF-49AC-B5C4-D61754B4636D}.Ad-Hoc|iPhoneSimulator.ActiveCfg = Release|Any CPU
		{AAE4817F-FAEF-49AC-B5C4-D61754B4636D}.Ad-Hoc|iPhoneSimulator.Build.0 = Release|Any CPU
		{AAE4817F-FAEF-49AC-B5C4-D61754B4636D}.Ad-Hoc|x64.ActiveCfg = Release|Any CPU
		{AAE4817F-FAEF-49AC-B5C4-D61754B4636D}.Ad-Hoc|x64.Build.0 = Release|Any CPU
		{AAE4817F-FAEF-49AC-B5C4-D61754B4636D}.Ad-Hoc|x86.ActiveCfg = Release|Any CPU
		{AAE4817F-FAEF-49AC-B5C4-D61754B4636D}.Ad-Hoc|x86.Build.0 = Release|Any CPU
		{AAE4817F-FAEF-49AC-B5C4-D61754B4636D}.AppStore|Any CPU.ActiveCfg = Release|Any CPU
		{AAE4817F-FAEF-49AC-B5C4-D61754B4636D}.AppStore|Any CPU.Build.0 = Release|Any CPU
		{AAE4817F-FAEF-49AC-B5C4-D61754B4636D}.AppStore|ARM.ActiveCfg = Release|Any CPU
		{AAE4817F-FAEF-49AC-B5C4-D61754B4636D}.AppStore|ARM.Build.0 = Release|Any CPU
		{AAE4817F-FAEF-49AC-B5C4-D61754B4636D}.AppStore|iPhone.ActiveCfg = Release|Any CPU
		{AAE4817F-FAEF-49AC-B5C4-D61754B4636D}.AppStore|iPhone.Build.0 = Release|Any CPU
		{AAE4817F-FAEF-49AC-B5C4-D61754B4636D}.AppStore|iPhoneSimulator.ActiveCfg = Release|Any CPU
		{AAE4817F-FAEF-49AC-B5C4-D61754B4636D}.AppStore|iPhoneSimulator.Build.0 = Release|Any CPU
		{AAE4817F-FAEF-49AC-B5C4-D61754B4636D}.AppStore|x64.ActiveCfg = Release|Any CPU
		{AAE4817F-FAEF-49AC-B5C4-D61754B4636D}.AppStore|x64.Build.0 = Release|Any CPU
		{AAE4817F-FAEF-49AC-B5C4-D61754B4636D}.AppStore|x86.ActiveCfg = Release|Any CPU
		{AAE4817F-FAEF-49AC-B5C4-D61754B4636D}.AppStore|x86.Build.0 = Release|Any CPU
		{AAE4817F-FAEF-49AC-B5C4-D61754B4636D}.Debug|Any CPU.ActiveCfg = Debug|Any CPU
		{AAE4817F-FAEF-49AC-B5C4-D61754B4636D}.Debug|Any CPU.Build.0 = Debug|Any CPU
		{AAE4817F-FAEF-49AC-B5C4-D61754B4636D}.Debug|ARM.ActiveCfg = Debug|Any CPU
		{AAE4817F-FAEF-49AC-B5C4-D61754B4636D}.Debug|ARM.Build.0 = Debug|Any CPU
		{AAE4817F-FAEF-49AC-B5C4-D61754B4636D}.Debug|iPhone.ActiveCfg = Debug|Any CPU
		{AAE4817F-FAEF-49AC-B5C4-D61754B4636D}.Debug|iPhone.Build.0 = Debug|Any CPU
		{AAE4817F-FAEF-49AC-B5C4-D61754B4636D}.Debug|iPhoneSimulator.ActiveCfg = Debug|Any CPU
		{AAE4817F-FAEF-49AC-B5C4-D61754B4636D}.Debug|iPhoneSimulator.Build.0 = Debug|Any CPU
		{AAE4817F-FAEF-49AC-B5C4-D61754B4636D}.Debug|x64.ActiveCfg = Debug|Any CPU
		{AAE4817F-FAEF-49AC-B5C4-D61754B4636D}.Debug|x64.Build.0 = Debug|Any CPU
		{AAE4817F-FAEF-49AC-B5C4-D61754B4636D}.Debug|x86.ActiveCfg = Debug|Any CPU
		{AAE4817F-FAEF-49AC-B5C4-D61754B4636D}.Debug|x86.Build.0 = Debug|Any CPU
		{AAE4817F-FAEF-49AC-B5C4-D61754B4636D}.Release|Any CPU.ActiveCfg = Release|Any CPU
		{AAE4817F-FAEF-49AC-B5C4-D61754B4636D}.Release|Any CPU.Build.0 = Release|Any CPU
		{AAE4817F-FAEF-49AC-B5C4-D61754B4636D}.Release|ARM.ActiveCfg = Release|Any CPU
		{AAE4817F-FAEF-49AC-B5C4-D61754B4636D}.Release|ARM.Build.0 = Release|Any CPU
		{AAE4817F-FAEF-49AC-B5C4-D61754B4636D}.Release|iPhone.ActiveCfg = Release|Any CPU
		{AAE4817F-FAEF-49AC-B5C4-D61754B4636D}.Release|iPhone.Build.0 = Release|Any CPU
		{AAE4817F-FAEF-49AC-B5C4-D61754B4636D}.Release|iPhoneSimulator.ActiveCfg = Release|Any CPU
		{AAE4817F-FAEF-49AC-B5C4-D61754B4636D}.Release|iPhoneSimulator.Build.0 = Release|Any CPU
		{AAE4817F-FAEF-49AC-B5C4-D61754B4636D}.Release|x64.ActiveCfg = Release|Any CPU
		{AAE4817F-FAEF-49AC-B5C4-D61754B4636D}.Release|x64.Build.0 = Release|Any CPU
		{AAE4817F-FAEF-49AC-B5C4-D61754B4636D}.Release|x86.ActiveCfg = Release|Any CPU
		{AAE4817F-FAEF-49AC-B5C4-D61754B4636D}.Release|x86.Build.0 = Release|Any CPU
		{563A3B6F-58B9-4FCC-AD82-822F86E24920}.Ad-Hoc|Any CPU.ActiveCfg = Release|Any CPU
		{563A3B6F-58B9-4FCC-AD82-822F86E24920}.Ad-Hoc|Any CPU.Build.0 = Release|Any CPU
		{563A3B6F-58B9-4FCC-AD82-822F86E24920}.Ad-Hoc|ARM.ActiveCfg = Release|Any CPU
		{563A3B6F-58B9-4FCC-AD82-822F86E24920}.Ad-Hoc|ARM.Build.0 = Release|Any CPU
		{563A3B6F-58B9-4FCC-AD82-822F86E24920}.Ad-Hoc|iPhone.ActiveCfg = Release|Any CPU
		{563A3B6F-58B9-4FCC-AD82-822F86E24920}.Ad-Hoc|iPhone.Build.0 = Release|Any CPU
		{563A3B6F-58B9-4FCC-AD82-822F86E24920}.Ad-Hoc|iPhoneSimulator.ActiveCfg = Release|Any CPU
		{563A3B6F-58B9-4FCC-AD82-822F86E24920}.Ad-Hoc|iPhoneSimulator.Build.0 = Release|Any CPU
		{563A3B6F-58B9-4FCC-AD82-822F86E24920}.Ad-Hoc|x64.ActiveCfg = Release|Any CPU
		{563A3B6F-58B9-4FCC-AD82-822F86E24920}.Ad-Hoc|x64.Build.0 = Release|Any CPU
		{563A3B6F-58B9-4FCC-AD82-822F86E24920}.Ad-Hoc|x86.ActiveCfg = Release|Any CPU
		{563A3B6F-58B9-4FCC-AD82-822F86E24920}.Ad-Hoc|x86.Build.0 = Release|Any CPU
		{563A3B6F-58B9-4FCC-AD82-822F86E24920}.AppStore|Any CPU.ActiveCfg = Release|Any CPU
		{563A3B6F-58B9-4FCC-AD82-822F86E24920}.AppStore|Any CPU.Build.0 = Release|Any CPU
		{563A3B6F-58B9-4FCC-AD82-822F86E24920}.AppStore|ARM.ActiveCfg = Release|Any CPU
		{563A3B6F-58B9-4FCC-AD82-822F86E24920}.AppStore|ARM.Build.0 = Release|Any CPU
		{563A3B6F-58B9-4FCC-AD82-822F86E24920}.AppStore|iPhone.ActiveCfg = Release|Any CPU
		{563A3B6F-58B9-4FCC-AD82-822F86E24920}.AppStore|iPhone.Build.0 = Release|Any CPU
		{563A3B6F-58B9-4FCC-AD82-822F86E24920}.AppStore|iPhoneSimulator.ActiveCfg = Release|Any CPU
		{563A3B6F-58B9-4FCC-AD82-822F86E24920}.AppStore|iPhoneSimulator.Build.0 = Release|Any CPU
		{563A3B6F-58B9-4FCC-AD82-822F86E24920}.AppStore|x64.ActiveCfg = Release|Any CPU
		{563A3B6F-58B9-4FCC-AD82-822F86E24920}.AppStore|x64.Build.0 = Release|Any CPU
		{563A3B6F-58B9-4FCC-AD82-822F86E24920}.AppStore|x86.ActiveCfg = Release|Any CPU
		{563A3B6F-58B9-4FCC-AD82-822F86E24920}.AppStore|x86.Build.0 = Release|Any CPU
		{563A3B6F-58B9-4FCC-AD82-822F86E24920}.Debug|Any CPU.ActiveCfg = Debug|Any CPU
		{563A3B6F-58B9-4FCC-AD82-822F86E24920}.Debug|Any CPU.Build.0 = Debug|Any CPU
		{563A3B6F-58B9-4FCC-AD82-822F86E24920}.Debug|ARM.ActiveCfg = Debug|Any CPU
		{563A3B6F-58B9-4FCC-AD82-822F86E24920}.Debug|ARM.Build.0 = Debug|Any CPU
		{563A3B6F-58B9-4FCC-AD82-822F86E24920}.Debug|iPhone.ActiveCfg = Debug|Any CPU
		{563A3B6F-58B9-4FCC-AD82-822F86E24920}.Debug|iPhone.Build.0 = Debug|Any CPU
		{563A3B6F-58B9-4FCC-AD82-822F86E24920}.Debug|iPhoneSimulator.ActiveCfg = Debug|Any CPU
		{563A3B6F-58B9-4FCC-AD82-822F86E24920}.Debug|iPhoneSimulator.Build.0 = Debug|Any CPU
		{563A3B6F-58B9-4FCC-AD82-822F86E24920}.Debug|x64.ActiveCfg = Debug|Any CPU
		{563A3B6F-58B9-4FCC-AD82-822F86E24920}.Debug|x64.Build.0 = Debug|Any CPU
		{563A3B6F-58B9-4FCC-AD82-822F86E24920}.Debug|x86.ActiveCfg = Debug|Any CPU
		{563A3B6F-58B9-4FCC-AD82-822F86E24920}.Debug|x86.Build.0 = Debug|Any CPU
		{563A3B6F-58B9-4FCC-AD82-822F86E24920}.Release|Any CPU.ActiveCfg = Release|Any CPU
		{563A3B6F-58B9-4FCC-AD82-822F86E24920}.Release|Any CPU.Build.0 = Release|Any CPU
		{563A3B6F-58B9-4FCC-AD82-822F86E24920}.Release|ARM.ActiveCfg = Release|Any CPU
		{563A3B6F-58B9-4FCC-AD82-822F86E24920}.Release|ARM.Build.0 = Release|Any CPU
		{563A3B6F-58B9-4FCC-AD82-822F86E24920}.Release|iPhone.ActiveCfg = Release|Any CPU
		{563A3B6F-58B9-4FCC-AD82-822F86E24920}.Release|iPhone.Build.0 = Release|Any CPU
		{563A3B6F-58B9-4FCC-AD82-822F86E24920}.Release|iPhoneSimulator.ActiveCfg = Release|Any CPU
		{563A3B6F-58B9-4FCC-AD82-822F86E24920}.Release|iPhoneSimulator.Build.0 = Release|Any CPU
		{563A3B6F-58B9-4FCC-AD82-822F86E24920}.Release|x64.ActiveCfg = Release|Any CPU
		{563A3B6F-58B9-4FCC-AD82-822F86E24920}.Release|x64.Build.0 = Release|Any CPU
		{563A3B6F-58B9-4FCC-AD82-822F86E24920}.Release|x86.ActiveCfg = Release|Any CPU
		{563A3B6F-58B9-4FCC-AD82-822F86E24920}.Release|x86.Build.0 = Release|Any CPU
		{ACF2AB09-6B0D-4A1F-BAC5-AF4E682A794A}.Ad-Hoc|Any CPU.ActiveCfg = Release|Any CPU
		{ACF2AB09-6B0D-4A1F-BAC5-AF4E682A794A}.Ad-Hoc|Any CPU.Build.0 = Release|Any CPU
		{ACF2AB09-6B0D-4A1F-BAC5-AF4E682A794A}.Ad-Hoc|ARM.ActiveCfg = Release|Any CPU
		{ACF2AB09-6B0D-4A1F-BAC5-AF4E682A794A}.Ad-Hoc|ARM.Build.0 = Release|Any CPU
		{ACF2AB09-6B0D-4A1F-BAC5-AF4E682A794A}.Ad-Hoc|iPhone.ActiveCfg = Release|Any CPU
		{ACF2AB09-6B0D-4A1F-BAC5-AF4E682A794A}.Ad-Hoc|iPhone.Build.0 = Release|Any CPU
		{ACF2AB09-6B0D-4A1F-BAC5-AF4E682A794A}.Ad-Hoc|iPhoneSimulator.ActiveCfg = Release|Any CPU
		{ACF2AB09-6B0D-4A1F-BAC5-AF4E682A794A}.Ad-Hoc|iPhoneSimulator.Build.0 = Release|Any CPU
		{ACF2AB09-6B0D-4A1F-BAC5-AF4E682A794A}.Ad-Hoc|x64.ActiveCfg = Release|Any CPU
		{ACF2AB09-6B0D-4A1F-BAC5-AF4E682A794A}.Ad-Hoc|x64.Build.0 = Release|Any CPU
		{ACF2AB09-6B0D-4A1F-BAC5-AF4E682A794A}.Ad-Hoc|x86.ActiveCfg = Release|x86
		{ACF2AB09-6B0D-4A1F-BAC5-AF4E682A794A}.Ad-Hoc|x86.Build.0 = Release|x86
		{ACF2AB09-6B0D-4A1F-BAC5-AF4E682A794A}.AppStore|Any CPU.ActiveCfg = Release|Any CPU
		{ACF2AB09-6B0D-4A1F-BAC5-AF4E682A794A}.AppStore|Any CPU.Build.0 = Release|Any CPU
		{ACF2AB09-6B0D-4A1F-BAC5-AF4E682A794A}.AppStore|ARM.ActiveCfg = Release|Any CPU
		{ACF2AB09-6B0D-4A1F-BAC5-AF4E682A794A}.AppStore|ARM.Build.0 = Release|Any CPU
		{ACF2AB09-6B0D-4A1F-BAC5-AF4E682A794A}.AppStore|iPhone.ActiveCfg = Release|Any CPU
		{ACF2AB09-6B0D-4A1F-BAC5-AF4E682A794A}.AppStore|iPhone.Build.0 = Release|Any CPU
		{ACF2AB09-6B0D-4A1F-BAC5-AF4E682A794A}.AppStore|iPhoneSimulator.ActiveCfg = Release|Any CPU
		{ACF2AB09-6B0D-4A1F-BAC5-AF4E682A794A}.AppStore|iPhoneSimulator.Build.0 = Release|Any CPU
		{ACF2AB09-6B0D-4A1F-BAC5-AF4E682A794A}.AppStore|x64.ActiveCfg = Release|Any CPU
		{ACF2AB09-6B0D-4A1F-BAC5-AF4E682A794A}.AppStore|x64.Build.0 = Release|Any CPU
		{ACF2AB09-6B0D-4A1F-BAC5-AF4E682A794A}.AppStore|x86.ActiveCfg = Release|x86
		{ACF2AB09-6B0D-4A1F-BAC5-AF4E682A794A}.AppStore|x86.Build.0 = Release|x86
		{ACF2AB09-6B0D-4A1F-BAC5-AF4E682A794A}.Debug|Any CPU.ActiveCfg = Debug|Any CPU
		{ACF2AB09-6B0D-4A1F-BAC5-AF4E682A794A}.Debug|Any CPU.Build.0 = Debug|Any CPU
		{ACF2AB09-6B0D-4A1F-BAC5-AF4E682A794A}.Debug|ARM.ActiveCfg = Debug|Any CPU
		{ACF2AB09-6B0D-4A1F-BAC5-AF4E682A794A}.Debug|ARM.Build.0 = Debug|Any CPU
		{ACF2AB09-6B0D-4A1F-BAC5-AF4E682A794A}.Debug|iPhone.ActiveCfg = Debug|Any CPU
		{ACF2AB09-6B0D-4A1F-BAC5-AF4E682A794A}.Debug|iPhone.Build.0 = Debug|Any CPU
		{ACF2AB09-6B0D-4A1F-BAC5-AF4E682A794A}.Debug|iPhoneSimulator.ActiveCfg = Debug|Any CPU
		{ACF2AB09-6B0D-4A1F-BAC5-AF4E682A794A}.Debug|iPhoneSimulator.Build.0 = Debug|Any CPU
		{ACF2AB09-6B0D-4A1F-BAC5-AF4E682A794A}.Debug|x64.ActiveCfg = Debug|Any CPU
		{ACF2AB09-6B0D-4A1F-BAC5-AF4E682A794A}.Debug|x64.Build.0 = Debug|Any CPU
		{ACF2AB09-6B0D-4A1F-BAC5-AF4E682A794A}.Debug|x86.ActiveCfg = Debug|x86
		{ACF2AB09-6B0D-4A1F-BAC5-AF4E682A794A}.Debug|x86.Build.0 = Debug|x86
		{ACF2AB09-6B0D-4A1F-BAC5-AF4E682A794A}.Release|Any CPU.ActiveCfg = Release|Any CPU
		{ACF2AB09-6B0D-4A1F-BAC5-AF4E682A794A}.Release|Any CPU.Build.0 = Release|Any CPU
		{ACF2AB09-6B0D-4A1F-BAC5-AF4E682A794A}.Release|ARM.ActiveCfg = Release|Any CPU
		{ACF2AB09-6B0D-4A1F-BAC5-AF4E682A794A}.Release|ARM.Build.0 = Release|Any CPU
		{ACF2AB09-6B0D-4A1F-BAC5-AF4E682A794A}.Release|iPhone.ActiveCfg = Release|Any CPU
		{ACF2AB09-6B0D-4A1F-BAC5-AF4E682A794A}.Release|iPhone.Build.0 = Release|Any CPU
		{ACF2AB09-6B0D-4A1F-BAC5-AF4E682A794A}.Release|iPhoneSimulator.ActiveCfg = Release|Any CPU
		{ACF2AB09-6B0D-4A1F-BAC5-AF4E682A794A}.Release|iPhoneSimulator.Build.0 = Release|Any CPU
		{ACF2AB09-6B0D-4A1F-BAC5-AF4E682A794A}.Release|x64.ActiveCfg = Release|Any CPU
		{ACF2AB09-6B0D-4A1F-BAC5-AF4E682A794A}.Release|x64.Build.0 = Release|Any CPU
		{ACF2AB09-6B0D-4A1F-BAC5-AF4E682A794A}.Release|x86.ActiveCfg = Release|x86
		{ACF2AB09-6B0D-4A1F-BAC5-AF4E682A794A}.Release|x86.Build.0 = Release|x86
	EndGlobalSection
	GlobalSection(SolutionProperties) = preSolution
		HideSolutionNode = FALSE
	EndGlobalSection
	GlobalSection(NestedProjects) = preSolution
		{5700DF8A-ED1E-4802-A333-9FE3E0B05A78} = {62BB4CE6-B163-458C-B723-668FE3BDBD01}
		{4C9F0AE6-9301-4818-B919-E17D98EDF40C} = {62BB4CE6-B163-458C-B723-668FE3BDBD01}
		{0F2145BA-DED4-4C97-9EEB-EF22B23E7A14} = {4C019C0B-B9FD-4AF3-9414-0CB736450BF7}
		{141C6545-DFCD-41AC-A49E-24517E6CC3D4} = {4C019C0B-B9FD-4AF3-9414-0CB736450BF7}
		{8638D66F-5117-4327-BA4C-E6D2DF5D4948} = {93BA2DAD-FDCB-4516-9034-52CB0C89B3B4}
		{DB67D993-73FD-4F16-9D3B-D8C10360E4C8} = {4C019C0B-B9FD-4AF3-9414-0CB736450BF7}
		{57DC2955-FA0A-4D07-AA1A-8EA0D4D8E5B8} = {F3CF3898-43E6-4700-8247-CFAE2317B5BA}
		{856B49FC-E4CB-4805-871C-2CF7DACA976B} = {F3CF3898-43E6-4700-8247-CFAE2317B5BA}
		{444541C2-3B66-4D6F-82B5-F9ACB48D5165} = {F3CF3898-43E6-4700-8247-CFAE2317B5BA}
		{4A1E674C-873E-4927-A7E0-D062DD5C39AC} = {4C019C0B-B9FD-4AF3-9414-0CB736450BF7}
		{4E4657E8-4B1F-47A6-92D8-90813A23C972} = {4C019C0B-B9FD-4AF3-9414-0CB736450BF7}
		{7716A59D-B992-4545-95A8-8023E4B2E23A} = {4C019C0B-B9FD-4AF3-9414-0CB736450BF7}
		{0108F201-31DC-4F4F-9B64-A78B754FA1A9} = {7716A59D-B992-4545-95A8-8023E4B2E23A}
		{6AFA1A54-072E-49CF-AC52-5087C5E406D8} = {7716A59D-B992-4545-95A8-8023E4B2E23A}
		{AAE4817F-FAEF-49AC-B5C4-D61754B4636D} = {7716A59D-B992-4545-95A8-8023E4B2E23A}
	EndGlobalSection
EndGlobal
